// !$*UTF8*$!
{
	archiveVersion = 1;
	classes = {
	};
	objectVersion = 55;
	objects = {

/* Begin PBXBuildFile section */
		62380323272C26B100F116D5 /* CurrentViewSupport.swift in Sources */ = {isa = PBXBuildFile; fileRef = 62380322272C26B100F116D5 /* CurrentViewSupport.swift */; };
		62380327272C2BE200F116D5 /* TextEntryModifier.swift in Sources */ = {isa = PBXBuildFile; fileRef = 62380326272C2BE200F116D5 /* TextEntryModifier.swift */; };
		62380329272C458600F116D5 /* AccentColorPicker.swift in Sources */ = {isa = PBXBuildFile; fileRef = 62380328272C458600F116D5 /* AccentColorPicker.swift */; };
		6238032B272D9F0500F116D5 /* Accent.swift in Sources */ = {isa = PBXBuildFile; fileRef = 6238032A272D9F0500F116D5 /* Accent.swift */; };
		6238032D272DC72C00F116D5 /* Snapshot.swift in Sources */ = {isa = PBXBuildFile; fileRef = 6238032C272DC72C00F116D5 /* Snapshot.swift */; };
		6238032F272DC7B100F116D5 /* History.swift in Sources */ = {isa = PBXBuildFile; fileRef = 6238032E272DC7B100F116D5 /* History.swift */; };
		6261FF9A272B7AB80082F8FB /* CheckInApp.swift in Sources */ = {isa = PBXBuildFile; fileRef = 6261FF99272B7AB80082F8FB /* CheckInApp.swift */; };
		6261FF9C272B7AB80082F8FB /* ContentView.swift in Sources */ = {isa = PBXBuildFile; fileRef = 6261FF9B272B7AB80082F8FB /* ContentView.swift */; };
		6261FF9E272B7ABA0082F8FB /* Assets.xcassets in Resources */ = {isa = PBXBuildFile; fileRef = 6261FF9D272B7ABA0082F8FB /* Assets.xcassets */; };
		6261FFA1272B7ABA0082F8FB /* Preview Assets.xcassets in Resources */ = {isa = PBXBuildFile; fileRef = 6261FFA0272B7ABA0082F8FB /* Preview Assets.xcassets */; };
		6261FFA8272B7C050082F8FB /* CurrentView.swift in Sources */ = {isa = PBXBuildFile; fileRef = 6261FFA7272B7C050082F8FB /* CurrentView.swift */; };
		6261FFAA272B807C0082F8FB /* HistoryView.swift in Sources */ = {isa = PBXBuildFile; fileRef = 6261FFA9272B807C0082F8FB /* HistoryView.swift */; };
/* End PBXBuildFile section */

/* Begin PBXFileReference section */
		62380322272C26B100F116D5 /* CurrentViewSupport.swift */ = {isa = PBXFileReference; lastKnownFileType = sourcecode.swift; path = CurrentViewSupport.swift; sourceTree = "<group>"; };
		62380326272C2BE200F116D5 /* TextEntryModifier.swift */ = {isa = PBXFileReference; lastKnownFileType = sourcecode.swift; path = TextEntryModifier.swift; sourceTree = "<group>"; };
		62380328272C458600F116D5 /* AccentColorPicker.swift */ = {isa = PBXFileReference; lastKnownFileType = sourcecode.swift; path = AccentColorPicker.swift; sourceTree = "<group>"; };
		6238032A272D9F0500F116D5 /* Accent.swift */ = {isa = PBXFileReference; lastKnownFileType = sourcecode.swift; path = Accent.swift; sourceTree = "<group>"; };
		6238032C272DC72C00F116D5 /* Snapshot.swift */ = {isa = PBXFileReference; lastKnownFileType = sourcecode.swift; path = Snapshot.swift; sourceTree = "<group>"; };
		6238032E272DC7B100F116D5 /* History.swift */ = {isa = PBXFileReference; lastKnownFileType = sourcecode.swift; path = History.swift; sourceTree = "<group>"; };
		6261FF96272B7AB80082F8FB /* CheckIn.app */ = {isa = PBXFileReference; explicitFileType = wrapper.application; includeInIndex = 0; path = CheckIn.app; sourceTree = BUILT_PRODUCTS_DIR; };
		6261FF99272B7AB80082F8FB /* CheckInApp.swift */ = {isa = PBXFileReference; lastKnownFileType = sourcecode.swift; path = CheckInApp.swift; sourceTree = "<group>"; };
		6261FF9B272B7AB80082F8FB /* ContentView.swift */ = {isa = PBXFileReference; lastKnownFileType = sourcecode.swift; path = ContentView.swift; sourceTree = "<group>"; };
		6261FF9D272B7ABA0082F8FB /* Assets.xcassets */ = {isa = PBXFileReference; lastKnownFileType = folder.assetcatalog; path = Assets.xcassets; sourceTree = "<group>"; };
		6261FFA0272B7ABA0082F8FB /* Preview Assets.xcassets */ = {isa = PBXFileReference; lastKnownFileType = folder.assetcatalog; path = "Preview Assets.xcassets"; sourceTree = "<group>"; };
		6261FFA7272B7C050082F8FB /* CurrentView.swift */ = {isa = PBXFileReference; lastKnownFileType = sourcecode.swift; path = CurrentView.swift; sourceTree = "<group>"; };
		6261FFA9272B807C0082F8FB /* HistoryView.swift */ = {isa = PBXFileReference; lastKnownFileType = sourcecode.swift; path = HistoryView.swift; sourceTree = "<group>"; };
/* End PBXFileReference section */

/* Begin PBXFrameworksBuildPhase section */
		6261FF93272B7AB80082F8FB /* Frameworks */ = {
			isa = PBXFrameworksBuildPhase;
			buildActionMask = 2147483647;
			files = (
			);
			runOnlyForDeploymentPostprocessing = 0;
		};
/* End PBXFrameworksBuildPhase section */

/* Begin PBXGroup section */
		6261FF8D272B7AB80082F8FB = {
			isa = PBXGroup;
			children = (
				6261FF98272B7AB80082F8FB /* CheckIn */,
				6261FF97272B7AB80082F8FB /* Products */,
			);
			sourceTree = "<group>";
		};
		6261FF97272B7AB80082F8FB /* Products */ = {
			isa = PBXGroup;
			children = (
				6261FF96272B7AB80082F8FB /* CheckIn.app */,
			);
			name = Products;
			sourceTree = "<group>";
		};
		6261FF98272B7AB80082F8FB /* CheckIn */ = {
			isa = PBXGroup;
			children = (
				6261FF99272B7AB80082F8FB /* CheckInApp.swift */,
				6261FF9B272B7AB80082F8FB /* ContentView.swift */,
				6261FF9D272B7ABA0082F8FB /* Assets.xcassets */,
				6261FF9F272B7ABA0082F8FB /* Preview Content */,
				6261FFA7272B7C050082F8FB /* CurrentView.swift */,
				6261FFA9272B807C0082F8FB /* HistoryView.swift */,
				62380322272C26B100F116D5 /* CurrentViewSupport.swift */,
				62380326272C2BE200F116D5 /* TextEntryModifier.swift */,
				62380328272C458600F116D5 /* AccentColorPicker.swift */,
				6238032A272D9F0500F116D5 /* Accent.swift */,
				6238032C272DC72C00F116D5 /* Snapshot.swift */,
				6238032E272DC7B100F116D5 /* History.swift */,
			);
			path = CheckIn;
			sourceTree = "<group>";
		};
		6261FF9F272B7ABA0082F8FB /* Preview Content */ = {
			isa = PBXGroup;
			children = (
				6261FFA0272B7ABA0082F8FB /* Preview Assets.xcassets */,
			);
			path = "Preview Content";
			sourceTree = "<group>";
		};
/* End PBXGroup section */

/* Begin PBXNativeTarget section */
		6261FF95272B7AB80082F8FB /* CheckIn */ = {
			isa = PBXNativeTarget;
			buildConfigurationList = 6261FFA4272B7ABA0082F8FB /* Build configuration list for PBXNativeTarget "CheckIn" */;
			buildPhases = (
				6261FF92272B7AB80082F8FB /* Sources */,
				6261FF93272B7AB80082F8FB /* Frameworks */,
				6261FF94272B7AB80082F8FB /* Resources */,
			);
			buildRules = (
			);
			dependencies = (
			);
			name = CheckIn;
			productName = CheckIn;
			productReference = 6261FF96272B7AB80082F8FB /* CheckIn.app */;
			productType = "com.apple.product-type.application";
		};
/* End PBXNativeTarget section */

/* Begin PBXProject section */
		6261FF8E272B7AB80082F8FB /* Project object */ = {
			isa = PBXProject;
			attributes = {
				BuildIndependentTargetsInParallel = 1;
				LastSwiftUpdateCheck = 1320;
				LastUpgradeCheck = 1320;
				TargetAttributes = {
					6261FF95272B7AB80082F8FB = {
						CreatedOnToolsVersion = 13.2;
					};
				};
			};
			buildConfigurationList = 6261FF91272B7AB80082F8FB /* Build configuration list for PBXProject "CheckIn" */;
			compatibilityVersion = "Xcode 13.0";
			developmentRegion = en;
			hasScannedForEncodings = 0;
			knownRegions = (
				en,
				Base,
			);
			mainGroup = 6261FF8D272B7AB80082F8FB;
			productRefGroup = 6261FF97272B7AB80082F8FB /* Products */;
			projectDirPath = "";
			projectRoot = "";
			targets = (
				6261FF95272B7AB80082F8FB /* CheckIn */,
			);
		};
/* End PBXProject section */

/* Begin PBXResourcesBuildPhase section */
		6261FF94272B7AB80082F8FB /* Resources */ = {
			isa = PBXResourcesBuildPhase;
			buildActionMask = 2147483647;
			files = (
				6261FFA1272B7ABA0082F8FB /* Preview Assets.xcassets in Resources */,
				6261FF9E272B7ABA0082F8FB /* Assets.xcassets in Resources */,
			);
			runOnlyForDeploymentPostprocessing = 0;
		};
/* End PBXResourcesBuildPhase section */

/* Begin PBXSourcesBuildPhase section */
		6261FF92272B7AB80082F8FB /* Sources */ = {
			isa = PBXSourcesBuildPhase;
			buildActionMask = 2147483647;
			files = (
				62380329272C458600F116D5 /* AccentColorPicker.swift in Sources */,
				62380327272C2BE200F116D5 /* TextEntryModifier.swift in Sources */,
				62380323272C26B100F116D5 /* CurrentViewSupport.swift in Sources */,
				6261FF9C272B7AB80082F8FB /* ContentView.swift in Sources */,
				6238032F272DC7B100F116D5 /* History.swift in Sources */,
				6261FFAA272B807C0082F8FB /* HistoryView.swift in Sources */,
				6238032B272D9F0500F116D5 /* Accent.swift in Sources */,
				6238032D272DC72C00F116D5 /* Snapshot.swift in Sources */,
				6261FFA8272B7C050082F8FB /* CurrentView.swift in Sources */,
				6261FF9A272B7AB80082F8FB /* CheckInApp.swift in Sources */,
			);
			runOnlyForDeploymentPostprocessing = 0;
		};
/* End PBXSourcesBuildPhase section */

/* Begin XCBuildConfiguration section */
		6261FFA2272B7ABA0082F8FB /* Debug */ = {
			isa = XCBuildConfiguration;
			buildSettings = {
				ALWAYS_SEARCH_USER_PATHS = NO;
				CLANG_ANALYZER_NONNULL = YES;
				CLANG_ANALYZER_NUMBER_OBJECT_CONVERSION = YES_AGGRESSIVE;
				CLANG_CXX_LANGUAGE_STANDARD = "gnu++17";
				CLANG_CXX_LIBRARY = "libc++";
				CLANG_ENABLE_MODULES = YES;
				CLANG_ENABLE_OBJC_ARC = YES;
				CLANG_ENABLE_OBJC_WEAK = YES;
				CLANG_WARN_BLOCK_CAPTURE_AUTORELEASING = YES;
				CLANG_WARN_BOOL_CONVERSION = YES;
				CLANG_WARN_COMMA = YES;
				CLANG_WARN_CONSTANT_CONVERSION = YES;
				CLANG_WARN_DEPRECATED_OBJC_IMPLEMENTATIONS = YES;
				CLANG_WARN_DIRECT_OBJC_ISA_USAGE = YES_ERROR;
				CLANG_WARN_DOCUMENTATION_COMMENTS = YES;
				CLANG_WARN_EMPTY_BODY = YES;
				CLANG_WARN_ENUM_CONVERSION = YES;
				CLANG_WARN_INFINITE_RECURSION = YES;
				CLANG_WARN_INT_CONVERSION = YES;
				CLANG_WARN_NON_LITERAL_NULL_CONVERSION = YES;
				CLANG_WARN_OBJC_IMPLICIT_RETAIN_SELF = YES;
				CLANG_WARN_OBJC_LITERAL_CONVERSION = YES;
				CLANG_WARN_OBJC_ROOT_CLASS = YES_ERROR;
				CLANG_WARN_QUOTED_INCLUDE_IN_FRAMEWORK_HEADER = YES;
				CLANG_WARN_RANGE_LOOP_ANALYSIS = YES;
				CLANG_WARN_STRICT_PROTOTYPES = YES;
				CLANG_WARN_SUSPICIOUS_MOVE = YES;
				CLANG_WARN_UNGUARDED_AVAILABILITY = YES_AGGRESSIVE;
				CLANG_WARN_UNREACHABLE_CODE = YES;
				CLANG_WARN__DUPLICATE_METHOD_MATCH = YES;
				COPY_PHASE_STRIP = NO;
				DEBUG_INFORMATION_FORMAT = dwarf;
				ENABLE_STRICT_OBJC_MSGSEND = YES;
				ENABLE_TESTABILITY = YES;
				GCC_C_LANGUAGE_STANDARD = gnu11;
				GCC_DYNAMIC_NO_PIC = NO;
				GCC_NO_COMMON_BLOCKS = YES;
				GCC_OPTIMIZATION_LEVEL = 0;
				GCC_PREPROCESSOR_DEFINITIONS = (
					"DEBUG=1",
					"$(inherited)",
				);
				GCC_WARN_64_TO_32_BIT_CONVERSION = YES;
				GCC_WARN_ABOUT_RETURN_TYPE = YES_ERROR;
				GCC_WARN_UNDECLARED_SELECTOR = YES;
				GCC_WARN_UNINITIALIZED_AUTOS = YES_AGGRESSIVE;
				GCC_WARN_UNUSED_FUNCTION = YES;
				GCC_WARN_UNUSED_VARIABLE = YES;
				IPHONEOS_DEPLOYMENT_TARGET = 15.2;
				MTL_ENABLE_DEBUG_INFO = INCLUDE_SOURCE;
				MTL_FAST_MATH = YES;
				ONLY_ACTIVE_ARCH = YES;
				SDKROOT = iphoneos;
				SWIFT_ACTIVE_COMPILATION_CONDITIONS = DEBUG;
				SWIFT_OPTIMIZATION_LEVEL = "-Onone";
			};
			name = Debug;
		};
		6261FFA3272B7ABA0082F8FB /* Release */ = {
			isa = XCBuildConfiguration;
			buildSettings = {
				ALWAYS_SEARCH_USER_PATHS = NO;
				CLANG_ANALYZER_NONNULL = YES;
				CLANG_ANALYZER_NUMBER_OBJECT_CONVERSION = YES_AGGRESSIVE;
				CLANG_CXX_LANGUAGE_STANDARD = "gnu++17";
				CLANG_CXX_LIBRARY = "libc++";
				CLANG_ENABLE_MODULES = YES;
				CLANG_ENABLE_OBJC_ARC = YES;
				CLANG_ENABLE_OBJC_WEAK = YES;
				CLANG_WARN_BLOCK_CAPTURE_AUTORELEASING = YES;
				CLANG_WARN_BOOL_CONVERSION = YES;
				CLANG_WARN_COMMA = YES;
				CLANG_WARN_CONSTANT_CONVERSION = YES;
				CLANG_WARN_DEPRECATED_OBJC_IMPLEMENTATIONS = YES;
				CLANG_WARN_DIRECT_OBJC_ISA_USAGE = YES_ERROR;
				CLANG_WARN_DOCUMENTATION_COMMENTS = YES;
				CLANG_WARN_EMPTY_BODY = YES;
				CLANG_WARN_ENUM_CONVERSION = YES;
				CLANG_WARN_INFINITE_RECURSION = YES;
				CLANG_WARN_INT_CONVERSION = YES;
				CLANG_WARN_NON_LITERAL_NULL_CONVERSION = YES;
				CLANG_WARN_OBJC_IMPLICIT_RETAIN_SELF = YES;
				CLANG_WARN_OBJC_LITERAL_CONVERSION = YES;
				CLANG_WARN_OBJC_ROOT_CLASS = YES_ERROR;
				CLANG_WARN_QUOTED_INCLUDE_IN_FRAMEWORK_HEADER = YES;
				CLANG_WARN_RANGE_LOOP_ANALYSIS = YES;
				CLANG_WARN_STRICT_PROTOTYPES = YES;
				CLANG_WARN_SUSPICIOUS_MOVE = YES;
				CLANG_WARN_UNGUARDED_AVAILABILITY = YES_AGGRESSIVE;
				CLANG_WARN_UNREACHABLE_CODE = YES;
				CLANG_WARN__DUPLICATE_METHOD_MATCH = YES;
				COPY_PHASE_STRIP = NO;
				DEBUG_INFORMATION_FORMAT = "dwarf-with-dsym";
				ENABLE_NS_ASSERTIONS = NO;
				ENABLE_STRICT_OBJC_MSGSEND = YES;
				GCC_C_LANGUAGE_STANDARD = gnu11;
				GCC_NO_COMMON_BLOCKS = YES;
				GCC_WARN_64_TO_32_BIT_CONVERSION = YES;
				GCC_WARN_ABOUT_RETURN_TYPE = YES_ERROR;
				GCC_WARN_UNDECLARED_SELECTOR = YES;
				GCC_WARN_UNINITIALIZED_AUTOS = YES_AGGRESSIVE;
				GCC_WARN_UNUSED_FUNCTION = YES;
				GCC_WARN_UNUSED_VARIABLE = YES;
				IPHONEOS_DEPLOYMENT_TARGET = 15.2;
				MTL_ENABLE_DEBUG_INFO = NO;
				MTL_FAST_MATH = YES;
				SDKROOT = iphoneos;
				SWIFT_COMPILATION_MODE = wholemodule;
				SWIFT_OPTIMIZATION_LEVEL = "-O";
				VALIDATE_PRODUCT = YES;
			};
			name = Release;
		};
		6261FFA5272B7ABA0082F8FB /* Debug */ = {
			isa = XCBuildConfiguration;
			buildSettings = {
				ASSETCATALOG_COMPILER_APPICON_NAME = AppIcon;
				ASSETCATALOG_COMPILER_GLOBAL_ACCENT_COLOR_NAME = AccentColor;
				CODE_SIGN_STYLE = Automatic;
				CURRENT_PROJECT_VERSION = 1;
				DEVELOPMENT_ASSET_PATHS = "\"CheckIn/Preview Content\"";
				DEVELOPMENT_TEAM = MG5SW9CY8D;
				ENABLE_PREVIEWS = YES;
				GENERATE_INFOPLIST_FILE = YES;
				INFOPLIST_KEY_UIApplicationSceneManifest_Generation = YES;
				INFOPLIST_KEY_UIApplicationSupportsIndirectInputEvents = YES;
				INFOPLIST_KEY_UILaunchScreen_Generation = YES;
				INFOPLIST_KEY_UISupportedInterfaceOrientations_iPad = "UIInterfaceOrientationPortrait UIInterfaceOrientationPortraitUpsideDown UIInterfaceOrientationLandscapeLeft UIInterfaceOrientationLandscapeRight";
				INFOPLIST_KEY_UISupportedInterfaceOrientations_iPhone = "UIInterfaceOrientationPortrait UIInterfaceOrientationLandscapeLeft UIInterfaceOrientationLandscapeRight";
				IPHONEOS_DEPLOYMENT_TARGET = 15.0;
				LD_RUNPATH_SEARCH_PATHS = (
					"$(inherited)",
					"@executable_path/Frameworks",
				);
				MARKETING_VERSION = 1.0;
				PRODUCT_BUNDLE_IDENTIFIER = com.dimsumthinking.CheckIn;
				PRODUCT_NAME = "$(TARGET_NAME)";
				SWIFT_EMIT_LOC_STRINGS = YES;
				SWIFT_VERSION = 5.0;
				TARGETED_DEVICE_FAMILY = "1,2";
			};
			name = Debug;
		};
		6261FFA6272B7ABA0082F8FB /* Release */ = {
			isa = XCBuildConfiguration;
			buildSettings = {
				ASSETCATALOG_COMPILER_APPICON_NAME = AppIcon;
				ASSETCATALOG_COMPILER_GLOBAL_ACCENT_COLOR_NAME = AccentColor;
				CODE_SIGN_STYLE = Automatic;
				CURRENT_PROJECT_VERSION = 1;
				DEVELOPMENT_ASSET_PATHS = "\"CheckIn/Preview Content\"";
				DEVELOPMENT_TEAM = MG5SW9CY8D;
				ENABLE_PREVIEWS = YES;
				GENERATE_INFOPLIST_FILE = YES;
				INFOPLIST_KEY_UIApplicationSceneManifest_Generation = YES;
				INFOPLIST_KEY_UIApplicationSupportsIndirectInputEvents = YES;
				INFOPLIST_KEY_UILaunchScreen_Generation = YES;
				INFOPLIST_KEY_UISupportedInterfaceOrientations_iPad = "UIInterfaceOrientationPortrait UIInterfaceOrientationPortraitUpsideDown UIInterfaceOrientationLandscapeLeft UIInterfaceOrientationLandscapeRight";
				INFOPLIST_KEY_UISupportedInterfaceOrientations_iPhone = "UIInterfaceOrientationPortrait UIInterfaceOrientationLandscapeLeft UIInterfaceOrientationLandscapeRight";
				IPHONEOS_DEPLOYMENT_TARGET = 15.0;
				LD_RUNPATH_SEARCH_PATHS = (
					"$(inherited)",
					"@executable_path/Frameworks",
				);
				MARKETING_VERSION = 1.0;
				PRODUCT_BUNDLE_IDENTIFIER = com.dimsumthinking.CheckIn;
				PRODUCT_NAME = "$(TARGET_NAME)";
				SWIFT_EMIT_LOC_STRINGS = YES;
				SWIFT_VERSION = 5.0;
				TARGETED_DEVICE_FAMILY = "1,2";
			};
			name = Release;
		};
/* End XCBuildConfiguration section */

/* Begin XCConfigurationList section */
		6261FF91272B7AB80082F8FB /* Build configuration list for PBXProject "CheckIn" */ = {
			isa = XCConfigurationList;
			buildConfigurations = (
				6261FFA2272B7ABA0082F8FB /* Debug */,
				6261FFA3272B7ABA0082F8FB /* Release */,
			);
			defaultConfigurationIsVisible = 0;
			defaultConfigurationName = Release;
		};
		6261FFA4272B7ABA0082F8FB /* Build configuration list for PBXNativeTarget "CheckIn" */ = {
			isa = XCConfigurationList;
			buildConfigurations = (
				6261FFA5272B7ABA0082F8FB /* Debug */,
				6261FFA6272B7ABA0082F8FB /* Release */,
			);
			defaultConfigurationIsVisible = 0;
			defaultConfigurationName = Release;
		};
/* End XCConfigurationList section */
	};
	rootObject = 6261FF8E272B7AB80082F8FB /* Project object */;
}
