// !$*UTF8*$!
{
	archiveVersion = 1;
	classes = {
	};
	objectVersion = 50;
	objects = {

/* Begin PBXBuildFile section */
		62B16F662309E28A00848DFF /* AppDelegate.swift in Sources */ = {isa = PBXBuildFile; fileRef = 62B16F652309E28A00848DFF /* AppDelegate.swift */; };
		62B16F682309E28A00848DFF /* SceneDelegate.swift in Sources */ = {isa = PBXBuildFile; fileRef = 62B16F672309E28A00848DFF /* SceneDelegate.swift */; };
		62B16F6A2309E28A00848DFF /* ViewController.swift in Sources */ = {isa = PBXBuildFile; fileRef = 62B16F692309E28A00848DFF /* ViewController.swift */; };
		62B16F6D2309E28A00848DFF /* Main.storyboard in Resources */ = {isa = PBXBuildFile; fileRef = 62B16F6B2309E28A00848DFF /* Main.storyboard */; };
		62B16F6F2309E28B00848DFF /* Assets.xcassets in Resources */ = {isa = PBXBuildFile; fileRef = 62B16F6E2309E28B00848DFF /* Assets.xcassets */; };
		62B16F722309E28B00848DFF /* LaunchScreen.storyboard in Resources */ = {isa = PBXBuildFile; fileRef = 62B16F702309E28B00848DFF /* LaunchScreen.storyboard */; };
/* End PBXBuildFile section */

/* Begin PBXFileReference section */
		62B16F622309E28A00848DFF /* VisualGoodbye.app */ = {isa = PBXFileReference; explicitFileType = wrapper.application; includeInIndex = 0; path = VisualGoodbye.app; sourceTree = BUILT_PRODUCTS_DIR; };
		62B16F652309E28A00848DFF /* AppDelegate.swift */ = {isa = PBXFileReference; lastKnownFileType = sourcecode.swift; path = AppDelegate.swift; sourceTree = "<group>"; };
		62B16F672309E28A00848DFF /* SceneDelegate.swift */ = {isa = PBXFileReference; lastKnownFileType = sourcecode.swift; path = SceneDelegate.swift; sourceTree = "<group>"; };
		62B16F692309E28A00848DFF /* ViewController.swift */ = {isa = PBXFileReference; lastKnownFileType = sourcecode.swift; path = ViewController.swift; sourceTree = "<group>"; };
		62B16F6C2309E28A00848DFF /* Base */ = {isa = PBXFileReference; lastKnownFileType = file.storyboard; name = Base; path = Base.lproj/Main.storyboard; sourceTree = "<group>"; };
		62B16F6E2309E28B00848DFF /* Assets.xcassets */ = {isa = PBXFileReference; lastKnownFileType = folder.assetcatalog; path = Assets.xcassets; sourceTree = "<group>"; };
		62B16F712309E28B00848DFF /* Base */ = {isa = PBXFileReference; lastKnownFileType = file.storyboard; name = Base; path = Base.lproj/LaunchScreen.storyboard; sourceTree = "<group>"; };
		62B16F732309E28B00848DFF /* Info.plist */ = {isa = PBXFileReference; lastKnownFileType = text.plist.xml; path = Info.plist; sourceTree = "<group>"; };
/* End PBXFileReference section */

/* Begin PBXFrameworksBuildPhase section */
		62B16F5F2309E28A00848DFF /* Frameworks */ = {
			isa = PBXFrameworksBuildPhase;
			buildActionMask = 2147483647;
			files = (
			);
			runOnlyForDeploymentPostprocessing = 0;
		};
/* End PBXFrameworksBuildPhase section */

/* Begin PBXGroup section */
		62B16F592309E28A00848DFF = {
			isa = PBXGroup;
			children = (
				62B16F642309E28A00848DFF /* VisualGoodbye */,
				62B16F632309E28A00848DFF /* Products */,
			);
			sourceTree = "<group>";
		};
		62B16F632309E28A00848DFF /* Products */ = {
			isa = PBXGroup;
			children = (
				62B16F622309E28A00848DFF /* VisualGoodbye.app */,
			);
			name = Products;
			sourceTree = "<group>";
		};
		62B16F642309E28A00848DFF /* VisualGoodbye */ = {
			isa = PBXGroup;
			children = (
				62B16F652309E28A00848DFF /* AppDelegate.swift */,
				62B16F672309E28A00848DFF /* SceneDelegate.swift */,
				62B16F692309E28A00848DFF /* ViewController.swift */,
				62B16F6B2309E28A00848DFF /* Main.storyboard */,
				62B16F6E2309E28B00848DFF /* Assets.xcassets */,
				62B16F702309E28B00848DFF /* LaunchScreen.storyboard */,
				62B16F732309E28B00848DFF /* Info.plist */,
			);
			path = VisualGoodbye;
			sourceTree = "<group>";
		};
/* End PBXGroup section */

/* Begin PBXNativeTarget section */
		62B16F612309E28A00848DFF /* VisualGoodbye */ = {
			isa = PBXNativeTarget;
			buildConfigurationList = 62B16F762309E28B00848DFF /* Build configuration list for PBXNativeTarget "VisualGoodbye" */;
			buildPhases = (
				62B16F5E2309E28A00848DFF /* Sources */,
				62B16F5F2309E28A00848DFF /* Frameworks */,
				62B16F602309E28A00848DFF /* Resources */,
			);
			buildRules = (
			);
			dependencies = (
			);
			name = VisualGoodbye;
			productName = VisualGoodbye;
			productReference = 62B16F622309E28A00848DFF /* VisualGoodbye.app */;
			productType = "com.apple.product-type.application";
		};
/* End PBXNativeTarget section */

/* Begin PBXProject section */
		62B16F5A2309E28A00848DFF /* Project object */ = {
			isa = PBXProject;
			attributes = {
				LastSwiftUpdateCheck = 1100;
				LastUpgradeCheck = 1100;
				ORGANIZATIONNAME = "Dim Sum Thinking";
				TargetAttributes = {
					62B16F612309E28A00848DFF = {
						CreatedOnToolsVersion = 11.0;
					};
				};
			};
			buildConfigurationList = 62B16F5D2309E28A00848DFF /* Build configuration list for PBXProject "VisualGoodbye" */;
			compatibilityVersion = "Xcode 9.3";
			developmentRegion = en;
			hasScannedForEncodings = 0;
			knownRegions = (
				en,
				Base,
			);
			mainGroup = 62B16F592309E28A00848DFF;
			productRefGroup = 62B16F632309E28A00848DFF /* Products */;
			projectDirPath = "";
			projectRoot = "";
			targets = (
				62B16F612309E28A00848DFF /* VisualGoodbye */,
			);
		};
/* End PBXProject section */

/* Begin PBXResourcesBuildPhase section */
		62B16F602309E28A00848DFF /* Resources */ = {
			isa = PBXResourcesBuildPhase;
			buildActionMask = 2147483647;
			files = (
				62B16F722309E28B00848DFF /* LaunchScreen.storyboard in Resources */,
				62B16F6F2309E28B00848DFF /* Assets.xcassets in Resources */,
				62B16F6D2309E28A00848DFF /* Main.storyboard in Resources */,
			);
			runOnlyForDeploymentPostprocessing = 0;
		};
/* End PBXResourcesBuildPhase section */

/* Begin PBXSourcesBuildPhase section */
		62B16F5E2309E28A00848DFF /* Sources */ = {
			isa = PBXSourcesBuildPhase;
			buildActionMask = 2147483647;
			files = (
				62B16F6A2309E28A00848DFF /* ViewController.swift in Sources */,
				62B16F662309E28A00848DFF /* AppDelegate.swift in Sources */,
				62B16F682309E28A00848DFF /* SceneDelegate.swift in Sources */,
			);
			runOnlyForDeploymentPostprocessing = 0;
		};
/* End PBXSourcesBuildPhase section */

/* Begin PBXVariantGroup section */
		62B16F6B2309E28A00848DFF /* Main.storyboard */ = {
			isa = PBXVariantGroup;
			children = (
				62B16F6C2309E28A00848DFF /* Base */,
			);
			name = Main.storyboard;
			sourceTree = "<group>";
		};
		62B16F702309E28B00848DFF /* LaunchScreen.storyboard */ = {
			isa = PBXVariantGroup;
			children = (
				62B16F712309E28B00848DFF /* Base */,
			);
			name = LaunchScreen.storyboard;
			sourceTree = "<group>";
		};
/* End PBXVariantGroup section */

/* Begin XCBuildConfiguration section */
		62B16F742309E28B00848DFF /* Debug */ = {
			isa = XCBuildConfiguration;
			buildSettings = {
				ALWAYS_SEARCH_USER_PATHS = NO;
				CLANG_ANALYZER_NONNULL = YES;
				CLANG_ANALYZER_NUMBER_OBJECT_CONVERSION = YES_AGGRESSIVE;
				CLANG_CXX_LANGUAGE_STANDARD = "gnu++14";
				CLANG_CXX_LIBRARY = "libc++";
				CLANG_ENABLE_MODULES = YES;
				CLANG_ENABLE_OBJC_ARC = YES;
				CLANG_ENABLE_OBJC_WEAK = YES;
				CLANG_WARN_BLOCK_CAPTURE_AUTORELEASING = YES;
				CLANG_WARN_BOOL_CONVERSION = YES;
				CLANG_WARN_COMMA = YES;
				CLANG_WARN_CONSTANT_CONVERSION = YES;
				CLANG_WARN_DEPRECATED_OBJC_IMPLEMENTATIONS = YES;
				CLANG_WARN_DIRECT_OBJC_ISA_USAGE = YES_ERROR;
				CLANG_WARN_DOCUMENTATION_COMMENTS = YES;
				CLANG_WARN_EMPTY_BODY = YES;
				CLANG_WARN_ENUM_CONVERSION = YES;
				CLANG_WARN_INFINITE_RECURSION = YES;
				CLANG_WARN_INT_CONVERSION = YES;
				CLANG_WARN_NON_LITERAL_NULL_CONVERSION = YES;
				CLANG_WARN_OBJC_IMPLICIT_RETAIN_SELF = YES;
				CLANG_WARN_OBJC_LITERAL_CONVERSION = YES;
				CLANG_WARN_OBJC_ROOT_CLASS = YES_ERROR;
				CLANG_WARN_RANGE_LOOP_ANALYSIS = YES;
				CLANG_WARN_STRICT_PROTOTYPES = YES;
				CLANG_WARN_SUSPICIOUS_MOVE = YES;
				CLANG_WARN_UNGUARDED_AVAILABILITY = YES_AGGRESSIVE;
				CLANG_WARN_UNREACHABLE_CODE = YES;
				CLANG_WARN__DUPLICATE_METHOD_MATCH = YES;
				COPY_PHASE_STRIP = NO;
				DEBUG_INFORMATION_FORMAT = dwarf;
				ENABLE_STRICT_OBJC_MSGSEND = YES;
				ENABLE_TESTABILITY = YES;
				GCC_C_LANGUAGE_STANDARD = gnu11;
				GCC_DYNAMIC_NO_PIC = NO;
				GCC_NO_COMMON_BLOCKS = YES;
				GCC_OPTIMIZATION_LEVEL = 0;
				GCC_PREPROCESSOR_DEFINITIONS = (
					"DEBUG=1",
					"$(inherited)",
				);
				GCC_WARN_64_TO_32_BIT_CONVERSION = YES;
				GCC_WARN_ABOUT_RETURN_TYPE = YES_ERROR;
				GCC_WARN_UNDECLARED_SELECTOR = YES;
				GCC_WARN_UNINITIALIZED_AUTOS = YES_AGGRESSIVE;
				GCC_WARN_UNUSED_FUNCTION = YES;
				GCC_WARN_UNUSED_VARIABLE = YES;
				IPHONEOS_DEPLOYMENT_TARGET = 13.0;
				MTL_ENABLE_DEBUG_INFO = INCLUDE_SOURCE;
				MTL_FAST_MATH = YES;
				ONLY_ACTIVE_ARCH = YES;
				SDKROOT = iphoneos;
				SWIFT_ACTIVE_COMPILATION_CONDITIONS = DEBUG;
				SWIFT_OPTIMIZATION_LEVEL = "-Onone";
			};
			name = Debug;
		};
		62B16F752309E28B00848DFF /* Release */ = {
			isa = XCBuildConfiguration;
			buildSettings = {
				ALWAYS_SEARCH_USER_PATHS = NO;
				CLANG_ANALYZER_NONNULL = YES;
				CLANG_ANALYZER_NUMBER_OBJECT_CONVERSION = YES_AGGRESSIVE;
				CLANG_CXX_LANGUAGE_STANDARD = "gnu++14";
				CLANG_CXX_LIBRARY = "libc++";
				CLANG_ENABLE_MODULES = YES;
				CLANG_ENABLE_OBJC_ARC = YES;
				CLANG_ENABLE_OBJC_WEAK = YES;
				CLANG_WARN_BLOCK_CAPTURE_AUTORELEASING = YES;
				CLANG_WARN_BOOL_CONVERSION = YES;
				CLANG_WARN_COMMA = YES;
				CLANG_WARN_CONSTANT_CONVERSION = YES;
				CLANG_WARN_DEPRECATED_OBJC_IMPLEMENTATIONS = YES;
				CLANG_WARN_DIRECT_OBJC_ISA_USAGE = YES_ERROR;
				CLANG_WARN_DOCUMENTATION_COMMENTS = YES;
				CLANG_WARN_EMPTY_BODY = YES;
				CLANG_WARN_ENUM_CONVERSION = YES;
				CLANG_WARN_INFINITE_RECURSION = YES;
				CLANG_WARN_INT_CONVERSION = YES;
				CLANG_WARN_NON_LITERAL_NULL_CONVERSION = YES;
				CLANG_WARN_OBJC_IMPLICIT_RETAIN_SELF = YES;
				CLANG_WARN_OBJC_LITERAL_CONVERSION = YES;
				CLANG_WARN_OBJC_ROOT_CLASS = YES_ERROR;
				CLANG_WARN_RANGE_LOOP_ANALYSIS = YES;
				CLANG_WARN_STRICT_PROTOTYPES = YES;
				CLANG_WARN_SUSPICIOUS_MOVE = YES;
				CLANG_WARN_UNGUARDED_AVAILABILITY = YES_AGGRESSIVE;
				CLANG_WARN_UNREACHABLE_CODE = YES;
				CLANG_WARN__DUPLICATE_METHOD_MATCH = YES;
				COPY_PHASE_STRIP = NO;
				DEBUG_INFORMATION_FORMAT = "dwarf-with-dsym";
				ENABLE_NS_ASSERTIONS = NO;
				ENABLE_STRICT_OBJC_MSGSEND = YES;
				GCC_C_LANGUAGE_STANDARD = gnu11;
				GCC_NO_COMMON_BLOCKS = YES;
				GCC_WARN_64_TO_32_BIT_CONVERSION = YES;
				GCC_WARN_ABOUT_RETURN_TYPE = YES_ERROR;
				GCC_WARN_UNDECLARED_SELECTOR = YES;
				GCC_WARN_UNINITIALIZED_AUTOS = YES_AGGRESSIVE;
				GCC_WARN_UNUSED_FUNCTION = YES;
				GCC_WARN_UNUSED_VARIABLE = YES;
				IPHONEOS_DEPLOYMENT_TARGET = 13.0;
				MTL_ENABLE_DEBUG_INFO = NO;
				MTL_FAST_MATH = YES;
				SDKROOT = iphoneos;
				SWIFT_COMPILATION_MODE = wholemodule;
				SWIFT_OPTIMIZATION_LEVEL = "-O";
				VALIDATE_PRODUCT = YES;
			};
			name = Release;
		};
		62B16F772309E28B00848DFF /* Debug */ = {
			isa = XCBuildConfiguration;
			buildSettings = {
				ASSETCATALOG_COMPILER_APPICON_NAME = AppIcon;
				CODE_SIGN_STYLE = Automatic;
				DEVELOPMENT_TEAM = MG5SW9CY8D;
				INFOPLIST_FILE = VisualGoodbye/Info.plist;
				LD_RUNPATH_SEARCH_PATHS = (
					"$(inherited)",
					"@executable_path/Frameworks",
				);
				PRODUCT_BUNDLE_IDENTIFIER = com.dimsumthinking.VisualGoodbye;
				PRODUCT_NAME = "$(TARGET_NAME)";
				SWIFT_VERSION = 5.0;
				TARGETED_DEVICE_FAMILY = "1,2";
			};
			name = Debug;
		};
		62B16F782309E28B00848DFF /* Release */ = {
			isa = XCBuildConfiguration;
			buildSettings = {
				ASSETCATALOG_COMPILER_APPICON_NAME = AppIcon;
				CODE_SIGN_STYLE = Automatic;
				DEVELOPMENT_TEAM = MG5SW9CY8D;
				INFOPLIST_FILE = VisualGoodbye/Info.plist;
				LD_RUNPATH_SEARCH_PATHS = (
					"$(inherited)",
					"@executable_path/Frameworks",
				);
				PRODUCT_BUNDLE_IDENTIFIER = com.dimsumthinking.VisualGoodbye;
				PRODUCT_NAME = "$(TARGET_NAME)";
				SWIFT_VERSION = 5.0;
				TARGETED_DEVICE_FAMILY = "1,2";
			};
			name = Release;
		};
/* End XCBuildConfiguration section */

/* Begin XCConfigurationList section */
		62B16F5D2309E28A00848DFF /* Build configuration list for PBXProject "VisualGoodbye" */ = {
			isa = XCConfigurationList;
			buildConfigurations = (
				62B16F742309E28B00848DFF /* Debug */,
				62B16F752309E28B00848DFF /* Release */,
			);
			defaultConfigurationIsVisible = 0;
			defaultConfigurationName = Release;
		};
		62B16F762309E28B00848DFF /* Build configuration list for PBXNativeTarget "VisualGoodbye" */ = {
			isa = XCConfigurationList;
			buildConfigurations = (
				62B16F772309E28B00848DFF /* Debug */,
				62B16F782309E28B00848DFF /* Release */,
			);
			defaultConfigurationIsVisible = 0;
			defaultConfigurationName = Release;
		};
/* End XCConfigurationList section */
	};
	rootObject = 62B16F5A2309E28A00848DFF /* Project object */;
}
