// !$*UTF8*$!
{
	archiveVersion = 1;
	classes = {
	};
	objectVersion = 50;
	objects = {

/* Begin PBXBuildFile section */
		62CF2BA62323D9830027BC44 /* AppDelegate.swift in Sources */ = {isa = PBXBuildFile; fileRef = 62CF2BA52323D9830027BC44 /* AppDelegate.swift */; };
		62CF2BA82323D9830027BC44 /* SceneDelegate.swift in Sources */ = {isa = PBXBuildFile; fileRef = 62CF2BA72323D9830027BC44 /* SceneDelegate.swift */; };
		62CF2BAA2323D9830027BC44 /* ContentView.swift in Sources */ = {isa = PBXBuildFile; fileRef = 62CF2BA92323D9830027BC44 /* ContentView.swift */; };
		62CF2BAC2323D9850027BC44 /* Assets.xcassets in Resources */ = {isa = PBXBuildFile; fileRef = 62CF2BAB2323D9850027BC44 /* Assets.xcassets */; };
		62CF2BAF2323D9850027BC44 /* Preview Assets.xcassets in Resources */ = {isa = PBXBuildFile; fileRef = 62CF2BAE2323D9850027BC44 /* Preview Assets.xcassets */; };
		62CF2BB22323D9850027BC44 /* LaunchScreen.storyboard in Resources */ = {isa = PBXBuildFile; fileRef = 62CF2BB02323D9850027BC44 /* LaunchScreen.storyboard */; };
/* End PBXBuildFile section */

/* Begin PBXFileReference section */
		62CF2BA22323D9830027BC44 /* HelloSwiftUI.app */ = {isa = PBXFileReference; explicitFileType = wrapper.application; includeInIndex = 0; path = HelloSwiftUI.app; sourceTree = BUILT_PRODUCTS_DIR; };
		62CF2BA52323D9830027BC44 /* AppDelegate.swift */ = {isa = PBXFileReference; lastKnownFileType = sourcecode.swift; path = AppDelegate.swift; sourceTree = "<group>"; };
		62CF2BA72323D9830027BC44 /* SceneDelegate.swift */ = {isa = PBXFileReference; lastKnownFileType = sourcecode.swift; path = SceneDelegate.swift; sourceTree = "<group>"; };
		62CF2BA92323D9830027BC44 /* ContentView.swift */ = {isa = PBXFileReference; lastKnownFileType = sourcecode.swift; path = ContentView.swift; sourceTree = "<group>"; };
		62CF2BAB2323D9850027BC44 /* Assets.xcassets */ = {isa = PBXFileReference; lastKnownFileType = folder.assetcatalog; path = Assets.xcassets; sourceTree = "<group>"; };
		62CF2BAE2323D9850027BC44 /* Preview Assets.xcassets */ = {isa = PBXFileReference; lastKnownFileType = folder.assetcatalog; path = "Preview Assets.xcassets"; sourceTree = "<group>"; };
		62CF2BB12323D9850027BC44 /* Base */ = {isa = PBXFileReference; lastKnownFileType = file.storyboard; name = Base; path = Base.lproj/LaunchScreen.storyboard; sourceTree = "<group>"; };
		62CF2BB32323D9850027BC44 /* Info.plist */ = {isa = PBXFileReference; lastKnownFileType = text.plist.xml; path = Info.plist; sourceTree = "<group>"; };
/* End PBXFileReference section */

/* Begin PBXFrameworksBuildPhase section */
		62CF2B9F2323D9830027BC44 /* Frameworks */ = {
			isa = PBXFrameworksBuildPhase;
			buildActionMask = 2147483647;
			files = (
			);
			runOnlyForDeploymentPostprocessing = 0;
		};
/* End PBXFrameworksBuildPhase section */

/* Begin PBXGroup section */
		62CF2B992323D9830027BC44 = {
			isa = PBXGroup;
			children = (
				62CF2BA42323D9830027BC44 /* HelloSwiftUI */,
				62CF2BA32323D9830027BC44 /* Products */,
			);
			sourceTree = "<group>";
		};
		62CF2BA32323D9830027BC44 /* Products */ = {
			isa = PBXGroup;
			children = (
				62CF2BA22323D9830027BC44 /* HelloSwiftUI.app */,
			);
			name = Products;
			sourceTree = "<group>";
		};
		62CF2BA42323D9830027BC44 /* HelloSwiftUI */ = {
			isa = PBXGroup;
			children = (
				62CF2BA52323D9830027BC44 /* AppDelegate.swift */,
				62CF2BA72323D9830027BC44 /* SceneDelegate.swift */,
				62CF2BA92323D9830027BC44 /* ContentView.swift */,
				62CF2BAB2323D9850027BC44 /* Assets.xcassets */,
				62CF2BB02323D9850027BC44 /* LaunchScreen.storyboard */,
				62CF2BB32323D9850027BC44 /* Info.plist */,
				62CF2BAD2323D9850027BC44 /* Preview Content */,
			);
			path = HelloSwiftUI;
			sourceTree = "<group>";
		};
		62CF2BAD2323D9850027BC44 /* Preview Content */ = {
			isa = PBXGroup;
			children = (
				62CF2BAE2323D9850027BC44 /* Preview Assets.xcassets */,
			);
			path = "Preview Content";
			sourceTree = "<group>";
		};
/* End PBXGroup section */

/* Begin PBXNativeTarget section */
		62CF2BA12323D9830027BC44 /* HelloSwiftUI */ = {
			isa = PBXNativeTarget;
			buildConfigurationList = 62CF2BB62323D9850027BC44 /* Build configuration list for PBXNativeTarget "HelloSwiftUI" */;
			buildPhases = (
				62CF2B9E2323D9830027BC44 /* Sources */,
				62CF2B9F2323D9830027BC44 /* Frameworks */,
				62CF2BA02323D9830027BC44 /* Resources */,
			);
			buildRules = (
			);
			dependencies = (
			);
			name = HelloSwiftUI;
			productName = HelloSwiftUI;
			productReference = 62CF2BA22323D9830027BC44 /* HelloSwiftUI.app */;
			productType = "com.apple.product-type.application";
		};
/* End PBXNativeTarget section */

/* Begin PBXProject section */
		62CF2B9A2323D9830027BC44 /* Project object */ = {
			isa = PBXProject;
			attributes = {
				LastSwiftUpdateCheck = 1100;
				LastUpgradeCheck = 1100;
				ORGANIZATIONNAME = "Dim Sum Thinking";
				TargetAttributes = {
					62CF2BA12323D9830027BC44 = {
						CreatedOnToolsVersion = 11.0;
					};
				};
			};
			buildConfigurationList = 62CF2B9D2323D9830027BC44 /* Build configuration list for PBXProject "HelloSwiftUI" */;
			compatibilityVersion = "Xcode 9.3";
			developmentRegion = en;
			hasScannedForEncodings = 0;
			knownRegions = (
				en,
				Base,
			);
			mainGroup = 62CF2B992323D9830027BC44;
			productRefGroup = 62CF2BA32323D9830027BC44 /* Products */;
			projectDirPath = "";
			projectRoot = "";
			targets = (
				62CF2BA12323D9830027BC44 /* HelloSwiftUI */,
			);
		};
/* End PBXProject section */

/* Begin PBXResourcesBuildPhase section */
		62CF2BA02323D9830027BC44 /* Resources */ = {
			isa = PBXResourcesBuildPhase;
			buildActionMask = 2147483647;
			files = (
				62CF2BB22323D9850027BC44 /* LaunchScreen.storyboard in Resources */,
				62CF2BAF2323D9850027BC44 /* Preview Assets.xcassets in Resources */,
				62CF2BAC2323D9850027BC44 /* Assets.xcassets in Resources */,
			);
			runOnlyForDeploymentPostprocessing = 0;
		};
/* End PBXResourcesBuildPhase section */

/* Begin PBXSourcesBuildPhase section */
		62CF2B9E2323D9830027BC44 /* Sources */ = {
			isa = PBXSourcesBuildPhase;
			buildActionMask = 2147483647;
			files = (
				62CF2BA62323D9830027BC44 /* AppDelegate.swift in Sources */,
				62CF2BA82323D9830027BC44 /* SceneDelegate.swift in Sources */,
				62CF2BAA2323D9830027BC44 /* ContentView.swift in Sources */,
			);
			runOnlyForDeploymentPostprocessing = 0;
		};
/* End PBXSourcesBuildPhase section */

/* Begin PBXVariantGroup section */
		62CF2BB02323D9850027BC44 /* LaunchScreen.storyboard */ = {
			isa = PBXVariantGroup;
			children = (
				62CF2BB12323D9850027BC44 /* Base */,
			);
			name = LaunchScreen.storyboard;
			sourceTree = "<group>";
		};
/* End PBXVariantGroup section */

/* Begin XCBuildConfiguration section */
		62CF2BB42323D9850027BC44 /* Debug */ = {
			isa = XCBuildConfiguration;
			buildSettings = {
				ALWAYS_SEARCH_USER_PATHS = NO;
				CLANG_ANALYZER_NONNULL = YES;
				CLANG_ANALYZER_NUMBER_OBJECT_CONVERSION = YES_AGGRESSIVE;
				CLANG_CXX_LANGUAGE_STANDARD = "gnu++14";
				CLANG_CXX_LIBRARY = "libc++";
				CLANG_ENABLE_MODULES = YES;
				CLANG_ENABLE_OBJC_ARC = YES;
				CLANG_ENABLE_OBJC_WEAK = YES;
				CLANG_WARN_BLOCK_CAPTURE_AUTORELEASING = YES;
				CLANG_WARN_BOOL_CONVERSION = YES;
				CLANG_WARN_COMMA = YES;
				CLANG_WARN_CONSTANT_CONVERSION = YES;
				CLANG_WARN_DEPRECATED_OBJC_IMPLEMENTATIONS = YES;
				CLANG_WARN_DIRECT_OBJC_ISA_USAGE = YES_ERROR;
				CLANG_WARN_DOCUMENTATION_COMMENTS = YES;
				CLANG_WARN_EMPTY_BODY = YES;
				CLANG_WARN_ENUM_CONVERSION = YES;
				CLANG_WARN_INFINITE_RECURSION = YES;
				CLANG_WARN_INT_CONVERSION = YES;
				CLANG_WARN_NON_LITERAL_NULL_CONVERSION = YES;
				CLANG_WARN_OBJC_IMPLICIT_RETAIN_SELF = YES;
				CLANG_WARN_OBJC_LITERAL_CONVERSION = YES;
				CLANG_WARN_OBJC_ROOT_CLASS = YES_ERROR;
				CLANG_WARN_RANGE_LOOP_ANALYSIS = YES;
				CLANG_WARN_STRICT_PROTOTYPES = YES;
				CLANG_WARN_SUSPICIOUS_MOVE = YES;
				CLANG_WARN_UNGUARDED_AVAILABILITY = YES_AGGRESSIVE;
				CLANG_WARN_UNREACHABLE_CODE = YES;
				CLANG_WARN__DUPLICATE_METHOD_MATCH = YES;
				COPY_PHASE_STRIP = NO;
				DEBUG_INFORMATION_FORMAT = dwarf;
				ENABLE_STRICT_OBJC_MSGSEND = YES;
				ENABLE_TESTABILITY = YES;
				GCC_C_LANGUAGE_STANDARD = gnu11;
				GCC_DYNAMIC_NO_PIC = NO;
				GCC_NO_COMMON_BLOCKS = YES;
				GCC_OPTIMIZATION_LEVEL = 0;
				GCC_PREPROCESSOR_DEFINITIONS = (
					"DEBUG=1",
					"$(inherited)",
				);
				GCC_WARN_64_TO_32_BIT_CONVERSION = YES;
				GCC_WARN_ABOUT_RETURN_TYPE = YES_ERROR;
				GCC_WARN_UNDECLARED_SELECTOR = YES;
				GCC_WARN_UNINITIALIZED_AUTOS = YES_AGGRESSIVE;
				GCC_WARN_UNUSED_FUNCTION = YES;
				GCC_WARN_UNUSED_VARIABLE = YES;
				IPHONEOS_DEPLOYMENT_TARGET = 13.0;
				MTL_ENABLE_DEBUG_INFO = INCLUDE_SOURCE;
				MTL_FAST_MATH = YES;
				ONLY_ACTIVE_ARCH = YES;
				SDKROOT = iphoneos;
				SWIFT_ACTIVE_COMPILATION_CONDITIONS = DEBUG;
				SWIFT_OPTIMIZATION_LEVEL = "-Onone";
			};
			name = Debug;
		};
		62CF2BB52323D9850027BC44 /* Release */ = {
			isa = XCBuildConfiguration;
			buildSettings = {
				ALWAYS_SEARCH_USER_PATHS = NO;
				CLANG_ANALYZER_NONNULL = YES;
				CLANG_ANALYZER_NUMBER_OBJECT_CONVERSION = YES_AGGRESSIVE;
				CLANG_CXX_LANGUAGE_STANDARD = "gnu++14";
				CLANG_CXX_LIBRARY = "libc++";
				CLANG_ENABLE_MODULES = YES;
				CLANG_ENABLE_OBJC_ARC = YES;
				CLANG_ENABLE_OBJC_WEAK = YES;
				CLANG_WARN_BLOCK_CAPTURE_AUTORELEASING = YES;
				CLANG_WARN_BOOL_CONVERSION = YES;
				CLANG_WARN_COMMA = YES;
				CLANG_WARN_CONSTANT_CONVERSION = YES;
				CLANG_WARN_DEPRECATED_OBJC_IMPLEMENTATIONS = YES;
				CLANG_WARN_DIRECT_OBJC_ISA_USAGE = YES_ERROR;
				CLANG_WARN_DOCUMENTATION_COMMENTS = YES;
				CLANG_WARN_EMPTY_BODY = YES;
				CLANG_WARN_ENUM_CONVERSION = YES;
				CLANG_WARN_INFINITE_RECURSION = YES;
				CLANG_WARN_INT_CONVERSION = YES;
				CLANG_WARN_NON_LITERAL_NULL_CONVERSION = YES;
				CLANG_WARN_OBJC_IMPLICIT_RETAIN_SELF = YES;
				CLANG_WARN_OBJC_LITERAL_CONVERSION = YES;
				CLANG_WARN_OBJC_ROOT_CLASS = YES_ERROR;
				CLANG_WARN_RANGE_LOOP_ANALYSIS = YES;
				CLANG_WARN_STRICT_PROTOTYPES = YES;
				CLANG_WARN_SUSPICIOUS_MOVE = YES;
				CLANG_WARN_UNGUARDED_AVAILABILITY = YES_AGGRESSIVE;
				CLANG_WARN_UNREACHABLE_CODE = YES;
				CLANG_WARN__DUPLICATE_METHOD_MATCH = YES;
				COPY_PHASE_STRIP = NO;
				DEBUG_INFORMATION_FORMAT = "dwarf-with-dsym";
				ENABLE_NS_ASSERTIONS = NO;
				ENABLE_STRICT_OBJC_MSGSEND = YES;
				GCC_C_LANGUAGE_STANDARD = gnu11;
				GCC_NO_COMMON_BLOCKS = YES;
				GCC_WARN_64_TO_32_BIT_CONVERSION = YES;
				GCC_WARN_ABOUT_RETURN_TYPE = YES_ERROR;
				GCC_WARN_UNDECLARED_SELECTOR = YES;
				GCC_WARN_UNINITIALIZED_AUTOS = YES_AGGRESSIVE;
				GCC_WARN_UNUSED_FUNCTION = YES;
				GCC_WARN_UNUSED_VARIABLE = YES;
				IPHONEOS_DEPLOYMENT_TARGET = 13.0;
				MTL_ENABLE_DEBUG_INFO = NO;
				MTL_FAST_MATH = YES;
				SDKROOT = iphoneos;
				SWIFT_COMPILATION_MODE = wholemodule;
				SWIFT_OPTIMIZATION_LEVEL = "-O";
				VALIDATE_PRODUCT = YES;
			};
			name = Release;
		};
		62CF2BB72323D9850027BC44 /* Debug */ = {
			isa = XCBuildConfiguration;
			buildSettings = {
				ASSETCATALOG_COMPILER_APPICON_NAME = AppIcon;
				CODE_SIGN_STYLE = Automatic;
				DEVELOPMENT_ASSET_PATHS = "\"HelloSwiftUI/Preview Content\"";
				DEVELOPMENT_TEAM = MG5SW9CY8D;
				ENABLE_PREVIEWS = YES;
				INFOPLIST_FILE = HelloSwiftUI/Info.plist;
				LD_RUNPATH_SEARCH_PATHS = (
					"$(inherited)",
					"@executable_path/Frameworks",
				);
				PRODUCT_BUNDLE_IDENTIFIER = com.dimsumthinking.HelloSwiftUI;
				PRODUCT_NAME = "$(TARGET_NAME)";
				SWIFT_VERSION = 5.0;
				TARGETED_DEVICE_FAMILY = "1,2";
			};
			name = Debug;
		};
		62CF2BB82323D9850027BC44 /* Release */ = {
			isa = XCBuildConfiguration;
			buildSettings = {
				ASSETCATALOG_COMPILER_APPICON_NAME = AppIcon;
				CODE_SIGN_STYLE = Automatic;
				DEVELOPMENT_ASSET_PATHS = "\"HelloSwiftUI/Preview Content\"";
				DEVELOPMENT_TEAM = MG5SW9CY8D;
				ENABLE_PREVIEWS = YES;
				INFOPLIST_FILE = HelloSwiftUI/Info.plist;
				LD_RUNPATH_SEARCH_PATHS = (
					"$(inherited)",
					"@executable_path/Frameworks",
				);
				PRODUCT_BUNDLE_IDENTIFIER = com.dimsumthinking.HelloSwiftUI;
				PRODUCT_NAME = "$(TARGET_NAME)";
				SWIFT_VERSION = 5.0;
				TARGETED_DEVICE_FAMILY = "1,2";
			};
			name = Release;
		};
/* End XCBuildConfiguration section */

/* Begin XCConfigurationList section */
		62CF2B9D2323D9830027BC44 /* Build configuration list for PBXProject "HelloSwiftUI" */ = {
			isa = XCConfigurationList;
			buildConfigurations = (
				62CF2BB42323D9850027BC44 /* Debug */,
				62CF2BB52323D9850027BC44 /* Release */,
			);
			defaultConfigurationIsVisible = 0;
			defaultConfigurationName = Release;
		};
		62CF2BB62323D9850027BC44 /* Build configuration list for PBXNativeTarget "HelloSwiftUI" */ = {
			isa = XCConfigurationList;
			buildConfigurations = (
				62CF2BB72323D9850027BC44 /* Debug */,
				62CF2BB82323D9850027BC44 /* Release */,
			);
			defaultConfigurationIsVisible = 0;
			defaultConfigurationName = Release;
		};
/* End XCConfigurationList section */
	};
	rootObject = 62CF2B9A2323D9830027BC44 /* Project object */;
}
