// !$*UTF8*$!
{
	archiveVersion = 1;
	classes = {
	};
	objectVersion = 50;
	objects = {

/* Begin PBXBuildFile section */
		6267099F251A8CB80099DDC8 /* ActionApp.swift in Sources */ = {isa = PBXBuildFile; fileRef = 6267099E251A8CB80099DDC8 /* ActionApp.swift */; };
		626709A1251A8CB80099DDC8 /* ContentView.swift in Sources */ = {isa = PBXBuildFile; fileRef = 626709A0251A8CB80099DDC8 /* ContentView.swift */; };
		626709A3251A8CBA0099DDC8 /* Assets.xcassets in Resources */ = {isa = PBXBuildFile; fileRef = 626709A2251A8CBA0099DDC8 /* Assets.xcassets */; };
		626709A6251A8CBA0099DDC8 /* Preview Assets.xcassets in Resources */ = {isa = PBXBuildFile; fileRef = 626709A5251A8CBA0099DDC8 /* Preview Assets.xcassets */; };
		626709B1251CDBE20099DDC8 /* IntDisplay.swift in Sources */ = {isa = PBXBuildFile; fileRef = 626709B0251CDBE20099DDC8 /* IntDisplay.swift */; };
		626709B9251CEC6A0099DDC8 /* StringDisplay.swift in Sources */ = {isa = PBXBuildFile; fileRef = 626709B8251CEC6A0099DDC8 /* StringDisplay.swift */; };
		626709BC251CF0150099DDC8 /* SpelledOut.swift in Sources */ = {isa = PBXBuildFile; fileRef = 626709BB251CF0150099DDC8 /* SpelledOut.swift */; };
		626709BF251CF8930099DDC8 /* DisplayModifier.swift in Sources */ = {isa = PBXBuildFile; fileRef = 626709BE251CF8930099DDC8 /* DisplayModifier.swift */; };
		626709C3251D17440099DDC8 /* SymbolButton.swift in Sources */ = {isa = PBXBuildFile; fileRef = 626709C2251D17440099DDC8 /* SymbolButton.swift */; };
		626709C7251D50030099DDC8 /* ArrayPicker.swift in Sources */ = {isa = PBXBuildFile; fileRef = 626709C6251D50030099DDC8 /* ArrayPicker.swift */; };
		626709CC251E71B80099DDC8 /* DesignerSlider.swift in Sources */ = {isa = PBXBuildFile; fileRef = 626709CB251E71B80099DDC8 /* DesignerSlider.swift */; };
		626709D0251ECD480099DDC8 /* ContentViewSupport.swift in Sources */ = {isa = PBXBuildFile; fileRef = 626709CF251ECD480099DDC8 /* ContentViewSupport.swift */; };
		626709D3251ED0EB0099DDC8 /* Model.swift in Sources */ = {isa = PBXBuildFile; fileRef = 626709D2251ED0EB0099DDC8 /* Model.swift */; };
/* End PBXBuildFile section */

/* Begin PBXFileReference section */
		6267099B251A8CB80099DDC8 /* Action.app */ = {isa = PBXFileReference; explicitFileType = wrapper.application; includeInIndex = 0; path = Action.app; sourceTree = BUILT_PRODUCTS_DIR; };
		6267099E251A8CB80099DDC8 /* ActionApp.swift */ = {isa = PBXFileReference; lastKnownFileType = sourcecode.swift; path = ActionApp.swift; sourceTree = "<group>"; };
		626709A0251A8CB80099DDC8 /* ContentView.swift */ = {isa = PBXFileReference; lastKnownFileType = sourcecode.swift; path = ContentView.swift; sourceTree = "<group>"; };
		626709A2251A8CBA0099DDC8 /* Assets.xcassets */ = {isa = PBXFileReference; lastKnownFileType = folder.assetcatalog; path = Assets.xcassets; sourceTree = "<group>"; };
		626709A5251A8CBA0099DDC8 /* Preview Assets.xcassets */ = {isa = PBXFileReference; lastKnownFileType = folder.assetcatalog; path = "Preview Assets.xcassets"; sourceTree = "<group>"; };
		626709A7251A8CBA0099DDC8 /* Info.plist */ = {isa = PBXFileReference; lastKnownFileType = text.plist.xml; path = Info.plist; sourceTree = "<group>"; };
		626709B0251CDBE20099DDC8 /* IntDisplay.swift */ = {isa = PBXFileReference; lastKnownFileType = sourcecode.swift; path = IntDisplay.swift; sourceTree = "<group>"; };
		626709B8251CEC6A0099DDC8 /* StringDisplay.swift */ = {isa = PBXFileReference; lastKnownFileType = sourcecode.swift; path = StringDisplay.swift; sourceTree = "<group>"; };
		626709BB251CF0150099DDC8 /* SpelledOut.swift */ = {isa = PBXFileReference; lastKnownFileType = sourcecode.swift; path = SpelledOut.swift; sourceTree = "<group>"; };
		626709BE251CF8930099DDC8 /* DisplayModifier.swift */ = {isa = PBXFileReference; lastKnownFileType = sourcecode.swift; path = DisplayModifier.swift; sourceTree = "<group>"; };
		626709C2251D17440099DDC8 /* SymbolButton.swift */ = {isa = PBXFileReference; lastKnownFileType = sourcecode.swift; path = SymbolButton.swift; sourceTree = "<group>"; };
		626709C6251D50030099DDC8 /* ArrayPicker.swift */ = {isa = PBXFileReference; lastKnownFileType = sourcecode.swift; path = ArrayPicker.swift; sourceTree = "<group>"; };
		626709CB251E71B80099DDC8 /* DesignerSlider.swift */ = {isa = PBXFileReference; lastKnownFileType = sourcecode.swift; path = DesignerSlider.swift; sourceTree = "<group>"; };
		626709CF251ECD480099DDC8 /* ContentViewSupport.swift */ = {isa = PBXFileReference; lastKnownFileType = sourcecode.swift; path = ContentViewSupport.swift; sourceTree = "<group>"; };
		626709D2251ED0EB0099DDC8 /* Model.swift */ = {isa = PBXFileReference; lastKnownFileType = sourcecode.swift; path = Model.swift; sourceTree = "<group>"; };
/* End PBXFileReference section */

/* Begin PBXFrameworksBuildPhase section */
		62670998251A8CB80099DDC8 /* Frameworks */ = {
			isa = PBXFrameworksBuildPhase;
			buildActionMask = 2147483647;
			files = (
			);
			runOnlyForDeploymentPostprocessing = 0;
		};
/* End PBXFrameworksBuildPhase section */

/* Begin PBXGroup section */
		62670992251A8CB80099DDC8 = {
			isa = PBXGroup;
			children = (
				6267099D251A8CB80099DDC8 /* Action */,
				6267099C251A8CB80099DDC8 /* Products */,
			);
			sourceTree = "<group>";
		};
		6267099C251A8CB80099DDC8 /* Products */ = {
			isa = PBXGroup;
			children = (
				6267099B251A8CB80099DDC8 /* Action.app */,
			);
			name = Products;
			sourceTree = "<group>";
		};
		6267099D251A8CB80099DDC8 /* Action */ = {
			isa = PBXGroup;
			children = (
				6267099E251A8CB80099DDC8 /* ActionApp.swift */,
				626709A0251A8CB80099DDC8 /* ContentView.swift */,
				626709A2251A8CBA0099DDC8 /* Assets.xcassets */,
				626709A7251A8CBA0099DDC8 /* Info.plist */,
				626709A4251A8CBA0099DDC8 /* Preview Content */,
				626709B0251CDBE20099DDC8 /* IntDisplay.swift */,
				626709B8251CEC6A0099DDC8 /* StringDisplay.swift */,
				626709BB251CF0150099DDC8 /* SpelledOut.swift */,
				626709BE251CF8930099DDC8 /* DisplayModifier.swift */,
				626709C2251D17440099DDC8 /* SymbolButton.swift */,
				626709C6251D50030099DDC8 /* ArrayPicker.swift */,
				626709CB251E71B80099DDC8 /* DesignerSlider.swift */,
				626709CF251ECD480099DDC8 /* ContentViewSupport.swift */,
				626709D2251ED0EB0099DDC8 /* Model.swift */,
			);
			path = Action;
			sourceTree = "<group>";
		};
		626709A4251A8CBA0099DDC8 /* Preview Content */ = {
			isa = PBXGroup;
			children = (
				626709A5251A8CBA0099DDC8 /* Preview Assets.xcassets */,
			);
			path = "Preview Content";
			sourceTree = "<group>";
		};
/* End PBXGroup section */

/* Begin PBXNativeTarget section */
		6267099A251A8CB80099DDC8 /* Action */ = {
			isa = PBXNativeTarget;
			buildConfigurationList = 626709AA251A8CBA0099DDC8 /* Build configuration list for PBXNativeTarget "Action" */;
			buildPhases = (
				62670997251A8CB80099DDC8 /* Sources */,
				62670998251A8CB80099DDC8 /* Frameworks */,
				62670999251A8CB80099DDC8 /* Resources */,
			);
			buildRules = (
			);
			dependencies = (
			);
			name = Action;
			productName = Action;
			productReference = 6267099B251A8CB80099DDC8 /* Action.app */;
			productType = "com.apple.product-type.application";
		};
/* End PBXNativeTarget section */

/* Begin PBXProject section */
		62670993251A8CB80099DDC8 /* Project object */ = {
			isa = PBXProject;
			attributes = {
				LastSwiftUpdateCheck = 1200;
				LastUpgradeCheck = 1200;
				TargetAttributes = {
					6267099A251A8CB80099DDC8 = {
						CreatedOnToolsVersion = 12.0;
					};
				};
			};
			buildConfigurationList = 62670996251A8CB80099DDC8 /* Build configuration list for PBXProject "Action" */;
			compatibilityVersion = "Xcode 9.3";
			developmentRegion = en;
			hasScannedForEncodings = 0;
			knownRegions = (
				en,
				Base,
			);
			mainGroup = 62670992251A8CB80099DDC8;
			productRefGroup = 6267099C251A8CB80099DDC8 /* Products */;
			projectDirPath = "";
			projectRoot = "";
			targets = (
				6267099A251A8CB80099DDC8 /* Action */,
			);
		};
/* End PBXProject section */

/* Begin PBXResourcesBuildPhase section */
		62670999251A8CB80099DDC8 /* Resources */ = {
			isa = PBXResourcesBuildPhase;
			buildActionMask = 2147483647;
			files = (
				626709A6251A8CBA0099DDC8 /* Preview Assets.xcassets in Resources */,
				626709A3251A8CBA0099DDC8 /* Assets.xcassets in Resources */,
			);
			runOnlyForDeploymentPostprocessing = 0;
		};
/* End PBXResourcesBuildPhase section */

/* Begin PBXSourcesBuildPhase section */
		62670997251A8CB80099DDC8 /* Sources */ = {
			isa = PBXSourcesBuildPhase;
			buildActionMask = 2147483647;
			files = (
				626709B1251CDBE20099DDC8 /* IntDisplay.swift in Sources */,
				626709C7251D50030099DDC8 /* ArrayPicker.swift in Sources */,
				626709CC251E71B80099DDC8 /* DesignerSlider.swift in Sources */,
				626709BC251CF0150099DDC8 /* SpelledOut.swift in Sources */,
				626709C3251D17440099DDC8 /* SymbolButton.swift in Sources */,
				626709A1251A8CB80099DDC8 /* ContentView.swift in Sources */,
				626709D0251ECD480099DDC8 /* ContentViewSupport.swift in Sources */,
				626709BF251CF8930099DDC8 /* DisplayModifier.swift in Sources */,
				626709D3251ED0EB0099DDC8 /* Model.swift in Sources */,
				6267099F251A8CB80099DDC8 /* ActionApp.swift in Sources */,
				626709B9251CEC6A0099DDC8 /* StringDisplay.swift in Sources */,
			);
			runOnlyForDeploymentPostprocessing = 0;
		};
/* End PBXSourcesBuildPhase section */

/* Begin XCBuildConfiguration section */
		626709A8251A8CBA0099DDC8 /* Debug */ = {
			isa = XCBuildConfiguration;
			buildSettings = {
				ALWAYS_SEARCH_USER_PATHS = NO;
				CLANG_ANALYZER_NONNULL = YES;
				CLANG_ANALYZER_NUMBER_OBJECT_CONVERSION = YES_AGGRESSIVE;
				CLANG_CXX_LANGUAGE_STANDARD = "gnu++14";
				CLANG_CXX_LIBRARY = "libc++";
				CLANG_ENABLE_MODULES = YES;
				CLANG_ENABLE_OBJC_ARC = YES;
				CLANG_ENABLE_OBJC_WEAK = YES;
				CLANG_WARN_BLOCK_CAPTURE_AUTORELEASING = YES;
				CLANG_WARN_BOOL_CONVERSION = YES;
				CLANG_WARN_COMMA = YES;
				CLANG_WARN_CONSTANT_CONVERSION = YES;
				CLANG_WARN_DEPRECATED_OBJC_IMPLEMENTATIONS = YES;
				CLANG_WARN_DIRECT_OBJC_ISA_USAGE = YES_ERROR;
				CLANG_WARN_DOCUMENTATION_COMMENTS = YES;
				CLANG_WARN_EMPTY_BODY = YES;
				CLANG_WARN_ENUM_CONVERSION = YES;
				CLANG_WARN_INFINITE_RECURSION = YES;
				CLANG_WARN_INT_CONVERSION = YES;
				CLANG_WARN_NON_LITERAL_NULL_CONVERSION = YES;
				CLANG_WARN_OBJC_IMPLICIT_RETAIN_SELF = YES;
				CLANG_WARN_OBJC_LITERAL_CONVERSION = YES;
				CLANG_WARN_OBJC_ROOT_CLASS = YES_ERROR;
				CLANG_WARN_QUOTED_INCLUDE_IN_FRAMEWORK_HEADER = YES;
				CLANG_WARN_RANGE_LOOP_ANALYSIS = YES;
				CLANG_WARN_STRICT_PROTOTYPES = YES;
				CLANG_WARN_SUSPICIOUS_MOVE = YES;
				CLANG_WARN_UNGUARDED_AVAILABILITY = YES_AGGRESSIVE;
				CLANG_WARN_UNREACHABLE_CODE = YES;
				CLANG_WARN__DUPLICATE_METHOD_MATCH = YES;
				COPY_PHASE_STRIP = NO;
				DEBUG_INFORMATION_FORMAT = dwarf;
				ENABLE_STRICT_OBJC_MSGSEND = YES;
				ENABLE_TESTABILITY = YES;
				GCC_C_LANGUAGE_STANDARD = gnu11;
				GCC_DYNAMIC_NO_PIC = NO;
				GCC_NO_COMMON_BLOCKS = YES;
				GCC_OPTIMIZATION_LEVEL = 0;
				GCC_PREPROCESSOR_DEFINITIONS = (
					"DEBUG=1",
					"$(inherited)",
				);
				GCC_WARN_64_TO_32_BIT_CONVERSION = YES;
				GCC_WARN_ABOUT_RETURN_TYPE = YES_ERROR;
				GCC_WARN_UNDECLARED_SELECTOR = YES;
				GCC_WARN_UNINITIALIZED_AUTOS = YES_AGGRESSIVE;
				GCC_WARN_UNUSED_FUNCTION = YES;
				GCC_WARN_UNUSED_VARIABLE = YES;
				IPHONEOS_DEPLOYMENT_TARGET = 14.0;
				MTL_ENABLE_DEBUG_INFO = INCLUDE_SOURCE;
				MTL_FAST_MATH = YES;
				ONLY_ACTIVE_ARCH = YES;
				SDKROOT = iphoneos;
				SWIFT_ACTIVE_COMPILATION_CONDITIONS = DEBUG;
				SWIFT_OPTIMIZATION_LEVEL = "-Onone";
			};
			name = Debug;
		};
		626709A9251A8CBA0099DDC8 /* Release */ = {
			isa = XCBuildConfiguration;
			buildSettings = {
				ALWAYS_SEARCH_USER_PATHS = NO;
				CLANG_ANALYZER_NONNULL = YES;
				CLANG_ANALYZER_NUMBER_OBJECT_CONVERSION = YES_AGGRESSIVE;
				CLANG_CXX_LANGUAGE_STANDARD = "gnu++14";
				CLANG_CXX_LIBRARY = "libc++";
				CLANG_ENABLE_MODULES = YES;
				CLANG_ENABLE_OBJC_ARC = YES;
				CLANG_ENABLE_OBJC_WEAK = YES;
				CLANG_WARN_BLOCK_CAPTURE_AUTORELEASING = YES;
				CLANG_WARN_BOOL_CONVERSION = YES;
				CLANG_WARN_COMMA = YES;
				CLANG_WARN_CONSTANT_CONVERSION = YES;
				CLANG_WARN_DEPRECATED_OBJC_IMPLEMENTATIONS = YES;
				CLANG_WARN_DIRECT_OBJC_ISA_USAGE = YES_ERROR;
				CLANG_WARN_DOCUMENTATION_COMMENTS = YES;
				CLANG_WARN_EMPTY_BODY = YES;
				CLANG_WARN_ENUM_CONVERSION = YES;
				CLANG_WARN_INFINITE_RECURSION = YES;
				CLANG_WARN_INT_CONVERSION = YES;
				CLANG_WARN_NON_LITERAL_NULL_CONVERSION = YES;
				CLANG_WARN_OBJC_IMPLICIT_RETAIN_SELF = YES;
				CLANG_WARN_OBJC_LITERAL_CONVERSION = YES;
				CLANG_WARN_OBJC_ROOT_CLASS = YES_ERROR;
				CLANG_WARN_QUOTED_INCLUDE_IN_FRAMEWORK_HEADER = YES;
				CLANG_WARN_RANGE_LOOP_ANALYSIS = YES;
				CLANG_WARN_STRICT_PROTOTYPES = YES;
				CLANG_WARN_SUSPICIOUS_MOVE = YES;
				CLANG_WARN_UNGUARDED_AVAILABILITY = YES_AGGRESSIVE;
				CLANG_WARN_UNREACHABLE_CODE = YES;
				CLANG_WARN__DUPLICATE_METHOD_MATCH = YES;
				COPY_PHASE_STRIP = NO;
				DEBUG_INFORMATION_FORMAT = "dwarf-with-dsym";
				ENABLE_NS_ASSERTIONS = NO;
				ENABLE_STRICT_OBJC_MSGSEND = YES;
				GCC_C_LANGUAGE_STANDARD = gnu11;
				GCC_NO_COMMON_BLOCKS = YES;
				GCC_WARN_64_TO_32_BIT_CONVERSION = YES;
				GCC_WARN_ABOUT_RETURN_TYPE = YES_ERROR;
				GCC_WARN_UNDECLARED_SELECTOR = YES;
				GCC_WARN_UNINITIALIZED_AUTOS = YES_AGGRESSIVE;
				GCC_WARN_UNUSED_FUNCTION = YES;
				GCC_WARN_UNUSED_VARIABLE = YES;
				IPHONEOS_DEPLOYMENT_TARGET = 14.0;
				MTL_ENABLE_DEBUG_INFO = NO;
				MTL_FAST_MATH = YES;
				SDKROOT = iphoneos;
				SWIFT_COMPILATION_MODE = wholemodule;
				SWIFT_OPTIMIZATION_LEVEL = "-O";
				VALIDATE_PRODUCT = YES;
			};
			name = Release;
		};
		626709AB251A8CBA0099DDC8 /* Debug */ = {
			isa = XCBuildConfiguration;
			buildSettings = {
				ASSETCATALOG_COMPILER_APPICON_NAME = AppIcon;
				ASSETCATALOG_COMPILER_GLOBAL_ACCENT_COLOR_NAME = AccentColor;
				CODE_SIGN_STYLE = Automatic;
				DEVELOPMENT_ASSET_PATHS = "\"Action/Preview Content\"";
				DEVELOPMENT_TEAM = MG5SW9CY8D;
				ENABLE_PREVIEWS = YES;
				INFOPLIST_FILE = Action/Info.plist;
				IPHONEOS_DEPLOYMENT_TARGET = 14.0;
				LD_RUNPATH_SEARCH_PATHS = (
					"$(inherited)",
					"@executable_path/Frameworks",
				);
				PRODUCT_BUNDLE_IDENTIFIER = com.dimsumthinking.Action;
				PRODUCT_NAME = "$(TARGET_NAME)";
				SWIFT_VERSION = 5.0;
				TARGETED_DEVICE_FAMILY = "1,2";
			};
			name = Debug;
		};
		626709AC251A8CBA0099DDC8 /* Release */ = {
			isa = XCBuildConfiguration;
			buildSettings = {
				ASSETCATALOG_COMPILER_APPICON_NAME = AppIcon;
				ASSETCATALOG_COMPILER_GLOBAL_ACCENT_COLOR_NAME = AccentColor;
				CODE_SIGN_STYLE = Automatic;
				DEVELOPMENT_ASSET_PATHS = "\"Action/Preview Content\"";
				DEVELOPMENT_TEAM = MG5SW9CY8D;
				ENABLE_PREVIEWS = YES;
				INFOPLIST_FILE = Action/Info.plist;
				IPHONEOS_DEPLOYMENT_TARGET = 14.0;
				LD_RUNPATH_SEARCH_PATHS = (
					"$(inherited)",
					"@executable_path/Frameworks",
				);
				PRODUCT_BUNDLE_IDENTIFIER = com.dimsumthinking.Action;
				PRODUCT_NAME = "$(TARGET_NAME)";
				SWIFT_VERSION = 5.0;
				TARGETED_DEVICE_FAMILY = "1,2";
			};
			name = Release;
		};
/* End XCBuildConfiguration section */

/* Begin XCConfigurationList section */
		62670996251A8CB80099DDC8 /* Build configuration list for PBXProject "Action" */ = {
			isa = XCConfigurationList;
			buildConfigurations = (
				626709A8251A8CBA0099DDC8 /* Debug */,
				626709A9251A8CBA0099DDC8 /* Release */,
			);
			defaultConfigurationIsVisible = 0;
			defaultConfigurationName = Release;
		};
		626709AA251A8CBA0099DDC8 /* Build configuration list for PBXNativeTarget "Action" */ = {
			isa = XCConfigurationList;
			buildConfigurations = (
				626709AB251A8CBA0099DDC8 /* Debug */,
				626709AC251A8CBA0099DDC8 /* Release */,
			);
			defaultConfigurationIsVisible = 0;
			defaultConfigurationName = Release;
		};
/* End XCConfigurationList section */
	};
	rootObject = 62670993251A8CB80099DDC8 /* Project object */;
}
