// !$*UTF8*$!
{
	archiveVersion = 1;
	classes = {
	};
	objectVersion = 55;
	objects = {

/* Begin PBXBuildFile section */
		62727B54272202BD0024E8B4 /* SymbolButton.swift in Sources */ = {isa = PBXBuildFile; fileRef = 62727B53272202BD0024E8B4 /* SymbolButton.swift */; };
		62BF3AD327245B4800C8697A /* DesignHelper.swift in Sources */ = {isa = PBXBuildFile; fileRef = 62BF3AD227245B4800C8697A /* DesignHelper.swift */; };
		62C12C53272077E2006CA9BF /* DoubleBorderButtonStyle.swift in Sources */ = {isa = PBXBuildFile; fileRef = 62C12C52272077E2006CA9BF /* DoubleBorderButtonStyle.swift */; };
		62C12C5D2720A61B006CA9BF /* DisplayModifier.swift in Sources */ = {isa = PBXBuildFile; fileRef = 62C12C5C2720A61B006CA9BF /* DisplayModifier.swift */; };
		62ECFEEB272489F3008DCBD0 /* Model.swift in Sources */ = {isa = PBXBuildFile; fileRef = 62ECFEEA272489F3008DCBD0 /* Model.swift */; };
		62ECFEED27248A78008DCBD0 /* ContentViewSupport.swift in Sources */ = {isa = PBXBuildFile; fileRef = 62ECFEEC27248A78008DCBD0 /* ContentViewSupport.swift */; };
		62ECFEF32724C408008DCBD0 /* Rounding.swift in Sources */ = {isa = PBXBuildFile; fileRef = 62ECFEF22724C408008DCBD0 /* Rounding.swift */; };
		62ECFEF52724C42E008DCBD0 /* DoubleDisplay.swift in Sources */ = {isa = PBXBuildFile; fileRef = 62ECFEF42724C42E008DCBD0 /* DoubleDisplay.swift */; };
		62F39634271DC06F0076E667 /* ActionApp.swift in Sources */ = {isa = PBXBuildFile; fileRef = 62F39633271DC06F0076E667 /* ActionApp.swift */; };
		62F39636271DC06F0076E667 /* ContentView.swift in Sources */ = {isa = PBXBuildFile; fileRef = 62F39635271DC06F0076E667 /* ContentView.swift */; };
		62F39638271DC0700076E667 /* Assets.xcassets in Resources */ = {isa = PBXBuildFile; fileRef = 62F39637271DC0700076E667 /* Assets.xcassets */; };
		62F3963B271DC0700076E667 /* Preview Assets.xcassets in Resources */ = {isa = PBXBuildFile; fileRef = 62F3963A271DC0700076E667 /* Preview Assets.xcassets */; };
		62F39642271EF73F0076E667 /* IntDisplay.swift in Sources */ = {isa = PBXBuildFile; fileRef = 62F39641271EF73F0076E667 /* IntDisplay.swift */; };
/* End PBXBuildFile section */

/* Begin PBXFileReference section */
		62727B53272202BD0024E8B4 /* SymbolButton.swift */ = {isa = PBXFileReference; lastKnownFileType = sourcecode.swift; path = SymbolButton.swift; sourceTree = "<group>"; };
		62BF3AD227245B4800C8697A /* DesignHelper.swift */ = {isa = PBXFileReference; lastKnownFileType = sourcecode.swift; path = DesignHelper.swift; sourceTree = "<group>"; };
		62C12C52272077E2006CA9BF /* DoubleBorderButtonStyle.swift */ = {isa = PBXFileReference; lastKnownFileType = sourcecode.swift; path = DoubleBorderButtonStyle.swift; sourceTree = "<group>"; };
		62C12C5C2720A61B006CA9BF /* DisplayModifier.swift */ = {isa = PBXFileReference; lastKnownFileType = sourcecode.swift; path = DisplayModifier.swift; sourceTree = "<group>"; };
		62ECFEEA272489F3008DCBD0 /* Model.swift */ = {isa = PBXFileReference; lastKnownFileType = sourcecode.swift; path = Model.swift; sourceTree = "<group>"; };
		62ECFEEC27248A78008DCBD0 /* ContentViewSupport.swift */ = {isa = PBXFileReference; lastKnownFileType = sourcecode.swift; path = ContentViewSupport.swift; sourceTree = "<group>"; };
		62ECFEF22724C408008DCBD0 /* Rounding.swift */ = {isa = PBXFileReference; lastKnownFileType = sourcecode.swift; path = Rounding.swift; sourceTree = "<group>"; };
		62ECFEF42724C42E008DCBD0 /* DoubleDisplay.swift */ = {isa = PBXFileReference; lastKnownFileType = sourcecode.swift; path = DoubleDisplay.swift; sourceTree = "<group>"; };
		62F39630271DC06F0076E667 /* Action.app */ = {isa = PBXFileReference; explicitFileType = wrapper.application; includeInIndex = 0; path = Action.app; sourceTree = BUILT_PRODUCTS_DIR; };
		62F39633271DC06F0076E667 /* ActionApp.swift */ = {isa = PBXFileReference; lastKnownFileType = sourcecode.swift; path = ActionApp.swift; sourceTree = "<group>"; };
		62F39635271DC06F0076E667 /* ContentView.swift */ = {isa = PBXFileReference; lastKnownFileType = sourcecode.swift; path = ContentView.swift; sourceTree = "<group>"; };
		62F39637271DC0700076E667 /* Assets.xcassets */ = {isa = PBXFileReference; lastKnownFileType = folder.assetcatalog; path = Assets.xcassets; sourceTree = "<group>"; };
		62F3963A271DC0700076E667 /* Preview Assets.xcassets */ = {isa = PBXFileReference; lastKnownFileType = folder.assetcatalog; path = "Preview Assets.xcassets"; sourceTree = "<group>"; };
		62F39641271EF73F0076E667 /* IntDisplay.swift */ = {isa = PBXFileReference; lastKnownFileType = sourcecode.swift; path = IntDisplay.swift; sourceTree = "<group>"; };
/* End PBXFileReference section */

/* Begin PBXFrameworksBuildPhase section */
		62F3962D271DC06F0076E667 /* Frameworks */ = {
			isa = PBXFrameworksBuildPhase;
			buildActionMask = 2147483647;
			files = (
			);
			runOnlyForDeploymentPostprocessing = 0;
		};
/* End PBXFrameworksBuildPhase section */

/* Begin PBXGroup section */
		62F39627271DC06F0076E667 = {
			isa = PBXGroup;
			children = (
				62F39632271DC06F0076E667 /* Action */,
				62F39631271DC06F0076E667 /* Products */,
			);
			sourceTree = "<group>";
		};
		62F39631271DC06F0076E667 /* Products */ = {
			isa = PBXGroup;
			children = (
				62F39630271DC06F0076E667 /* Action.app */,
			);
			name = Products;
			sourceTree = "<group>";
		};
		62F39632271DC06F0076E667 /* Action */ = {
			isa = PBXGroup;
			children = (
				62F39633271DC06F0076E667 /* ActionApp.swift */,
				62F39635271DC06F0076E667 /* ContentView.swift */,
				62F39641271EF73F0076E667 /* IntDisplay.swift */,
				62F39637271DC0700076E667 /* Assets.xcassets */,
				62F39639271DC0700076E667 /* Preview Content */,
				62C12C52272077E2006CA9BF /* DoubleBorderButtonStyle.swift */,
				62C12C5C2720A61B006CA9BF /* DisplayModifier.swift */,
				62727B53272202BD0024E8B4 /* SymbolButton.swift */,
				62BF3AD227245B4800C8697A /* DesignHelper.swift */,
				62ECFEEA272489F3008DCBD0 /* Model.swift */,
				62ECFEEC27248A78008DCBD0 /* ContentViewSupport.swift */,
				62ECFEF42724C42E008DCBD0 /* DoubleDisplay.swift */,
				62ECFEF22724C408008DCBD0 /* Rounding.swift */,
			);
			path = Action;
			sourceTree = "<group>";
		};
		62F39639271DC0700076E667 /* Preview Content */ = {
			isa = PBXGroup;
			children = (
				62F3963A271DC0700076E667 /* Preview Assets.xcassets */,
			);
			path = "Preview Content";
			sourceTree = "<group>";
		};
/* End PBXGroup section */

/* Begin PBXNativeTarget section */
		62F3962F271DC06F0076E667 /* Action */ = {
			isa = PBXNativeTarget;
			buildConfigurationList = 62F3963E271DC0700076E667 /* Build configuration list for PBXNativeTarget "Action" */;
			buildPhases = (
				62F3962C271DC06F0076E667 /* Sources */,
				62F3962D271DC06F0076E667 /* Frameworks */,
				62F3962E271DC06F0076E667 /* Resources */,
			);
			buildRules = (
			);
			dependencies = (
			);
			name = Action;
			productName = Action;
			productReference = 62F39630271DC06F0076E667 /* Action.app */;
			productType = "com.apple.product-type.application";
		};
/* End PBXNativeTarget section */

/* Begin PBXProject section */
		62F39628271DC06F0076E667 /* Project object */ = {
			isa = PBXProject;
			attributes = {
				BuildIndependentTargetsInParallel = 1;
				LastSwiftUpdateCheck = 1300;
				LastUpgradeCheck = 1300;
				TargetAttributes = {
					62F3962F271DC06F0076E667 = {
						CreatedOnToolsVersion = 13.0;
					};
				};
			};
			buildConfigurationList = 62F3962B271DC06F0076E667 /* Build configuration list for PBXProject "Action" */;
			compatibilityVersion = "Xcode 13.0";
			developmentRegion = en;
			hasScannedForEncodings = 0;
			knownRegions = (
				en,
				Base,
			);
			mainGroup = 62F39627271DC06F0076E667;
			productRefGroup = 62F39631271DC06F0076E667 /* Products */;
			projectDirPath = "";
			projectRoot = "";
			targets = (
				62F3962F271DC06F0076E667 /* Action */,
			);
		};
/* End PBXProject section */

/* Begin PBXResourcesBuildPhase section */
		62F3962E271DC06F0076E667 /* Resources */ = {
			isa = PBXResourcesBuildPhase;
			buildActionMask = 2147483647;
			files = (
				62F3963B271DC0700076E667 /* Preview Assets.xcassets in Resources */,
				62F39638271DC0700076E667 /* Assets.xcassets in Resources */,
			);
			runOnlyForDeploymentPostprocessing = 0;
		};
/* End PBXResourcesBuildPhase section */

/* Begin PBXSourcesBuildPhase section */
		62F3962C271DC06F0076E667 /* Sources */ = {
			isa = PBXSourcesBuildPhase;
			buildActionMask = 2147483647;
			files = (
				62C12C5D2720A61B006CA9BF /* DisplayModifier.swift in Sources */,
				62ECFEF32724C408008DCBD0 /* Rounding.swift in Sources */,
				62F39642271EF73F0076E667 /* IntDisplay.swift in Sources */,
				62F39636271DC06F0076E667 /* ContentView.swift in Sources */,
				62ECFEF52724C42E008DCBD0 /* DoubleDisplay.swift in Sources */,
				62BF3AD327245B4800C8697A /* DesignHelper.swift in Sources */,
				62C12C53272077E2006CA9BF /* DoubleBorderButtonStyle.swift in Sources */,
				62F39634271DC06F0076E667 /* ActionApp.swift in Sources */,
				62727B54272202BD0024E8B4 /* SymbolButton.swift in Sources */,
				62ECFEEB272489F3008DCBD0 /* Model.swift in Sources */,
				62ECFEED27248A78008DCBD0 /* ContentViewSupport.swift in Sources */,
			);
			runOnlyForDeploymentPostprocessing = 0;
		};
/* End PBXSourcesBuildPhase section */

/* Begin XCBuildConfiguration section */
		62F3963C271DC0700076E667 /* Debug */ = {
			isa = XCBuildConfiguration;
			buildSettings = {
				ALWAYS_SEARCH_USER_PATHS = NO;
				CLANG_ANALYZER_NONNULL = YES;
				CLANG_ANALYZER_NUMBER_OBJECT_CONVERSION = YES_AGGRESSIVE;
				CLANG_CXX_LANGUAGE_STANDARD = "gnu++17";
				CLANG_CXX_LIBRARY = "libc++";
				CLANG_ENABLE_MODULES = YES;
				CLANG_ENABLE_OBJC_ARC = YES;
				CLANG_ENABLE_OBJC_WEAK = YES;
				CLANG_WARN_BLOCK_CAPTURE_AUTORELEASING = YES;
				CLANG_WARN_BOOL_CONVERSION = YES;
				CLANG_WARN_COMMA = YES;
				CLANG_WARN_CONSTANT_CONVERSION = YES;
				CLANG_WARN_DEPRECATED_OBJC_IMPLEMENTATIONS = YES;
				CLANG_WARN_DIRECT_OBJC_ISA_USAGE = YES_ERROR;
				CLANG_WARN_DOCUMENTATION_COMMENTS = YES;
				CLANG_WARN_EMPTY_BODY = YES;
				CLANG_WARN_ENUM_CONVERSION = YES;
				CLANG_WARN_INFINITE_RECURSION = YES;
				CLANG_WARN_INT_CONVERSION = YES;
				CLANG_WARN_NON_LITERAL_NULL_CONVERSION = YES;
				CLANG_WARN_OBJC_IMPLICIT_RETAIN_SELF = YES;
				CLANG_WARN_OBJC_LITERAL_CONVERSION = YES;
				CLANG_WARN_OBJC_ROOT_CLASS = YES_ERROR;
				CLANG_WARN_QUOTED_INCLUDE_IN_FRAMEWORK_HEADER = YES;
				CLANG_WARN_RANGE_LOOP_ANALYSIS = YES;
				CLANG_WARN_STRICT_PROTOTYPES = YES;
				CLANG_WARN_SUSPICIOUS_MOVE = YES;
				CLANG_WARN_UNGUARDED_AVAILABILITY = YES_AGGRESSIVE;
				CLANG_WARN_UNREACHABLE_CODE = YES;
				CLANG_WARN__DUPLICATE_METHOD_MATCH = YES;
				COPY_PHASE_STRIP = NO;
				DEBUG_INFORMATION_FORMAT = dwarf;
				ENABLE_STRICT_OBJC_MSGSEND = YES;
				ENABLE_TESTABILITY = YES;
				GCC_C_LANGUAGE_STANDARD = gnu11;
				GCC_DYNAMIC_NO_PIC = NO;
				GCC_NO_COMMON_BLOCKS = YES;
				GCC_OPTIMIZATION_LEVEL = 0;
				GCC_PREPROCESSOR_DEFINITIONS = (
					"DEBUG=1",
					"$(inherited)",
				);
				GCC_WARN_64_TO_32_BIT_CONVERSION = YES;
				GCC_WARN_ABOUT_RETURN_TYPE = YES_ERROR;
				GCC_WARN_UNDECLARED_SELECTOR = YES;
				GCC_WARN_UNINITIALIZED_AUTOS = YES_AGGRESSIVE;
				GCC_WARN_UNUSED_FUNCTION = YES;
				GCC_WARN_UNUSED_VARIABLE = YES;
				IPHONEOS_DEPLOYMENT_TARGET = 15.0;
				MTL_ENABLE_DEBUG_INFO = INCLUDE_SOURCE;
				MTL_FAST_MATH = YES;
				ONLY_ACTIVE_ARCH = YES;
				SDKROOT = iphoneos;
				SWIFT_ACTIVE_COMPILATION_CONDITIONS = DEBUG;
				SWIFT_OPTIMIZATION_LEVEL = "-Onone";
			};
			name = Debug;
		};
		62F3963D271DC0700076E667 /* Release */ = {
			isa = XCBuildConfiguration;
			buildSettings = {
				ALWAYS_SEARCH_USER_PATHS = NO;
				CLANG_ANALYZER_NONNULL = YES;
				CLANG_ANALYZER_NUMBER_OBJECT_CONVERSION = YES_AGGRESSIVE;
				CLANG_CXX_LANGUAGE_STANDARD = "gnu++17";
				CLANG_CXX_LIBRARY = "libc++";
				CLANG_ENABLE_MODULES = YES;
				CLANG_ENABLE_OBJC_ARC = YES;
				CLANG_ENABLE_OBJC_WEAK = YES;
				CLANG_WARN_BLOCK_CAPTURE_AUTORELEASING = YES;
				CLANG_WARN_BOOL_CONVERSION = YES;
				CLANG_WARN_COMMA = YES;
				CLANG_WARN_CONSTANT_CONVERSION = YES;
				CLANG_WARN_DEPRECATED_OBJC_IMPLEMENTATIONS = YES;
				CLANG_WARN_DIRECT_OBJC_ISA_USAGE = YES_ERROR;
				CLANG_WARN_DOCUMENTATION_COMMENTS = YES;
				CLANG_WARN_EMPTY_BODY = YES;
				CLANG_WARN_ENUM_CONVERSION = YES;
				CLANG_WARN_INFINITE_RECURSION = YES;
				CLANG_WARN_INT_CONVERSION = YES;
				CLANG_WARN_NON_LITERAL_NULL_CONVERSION = YES;
				CLANG_WARN_OBJC_IMPLICIT_RETAIN_SELF = YES;
				CLANG_WARN_OBJC_LITERAL_CONVERSION = YES;
				CLANG_WARN_OBJC_ROOT_CLASS = YES_ERROR;
				CLANG_WARN_QUOTED_INCLUDE_IN_FRAMEWORK_HEADER = YES;
				CLANG_WARN_RANGE_LOOP_ANALYSIS = YES;
				CLANG_WARN_STRICT_PROTOTYPES = YES;
				CLANG_WARN_SUSPICIOUS_MOVE = YES;
				CLANG_WARN_UNGUARDED_AVAILABILITY = YES_AGGRESSIVE;
				CLANG_WARN_UNREACHABLE_CODE = YES;
				CLANG_WARN__DUPLICATE_METHOD_MATCH = YES;
				COPY_PHASE_STRIP = NO;
				DEBUG_INFORMATION_FORMAT = "dwarf-with-dsym";
				ENABLE_NS_ASSERTIONS = NO;
				ENABLE_STRICT_OBJC_MSGSEND = YES;
				GCC_C_LANGUAGE_STANDARD = gnu11;
				GCC_NO_COMMON_BLOCKS = YES;
				GCC_WARN_64_TO_32_BIT_CONVERSION = YES;
				GCC_WARN_ABOUT_RETURN_TYPE = YES_ERROR;
				GCC_WARN_UNDECLARED_SELECTOR = YES;
				GCC_WARN_UNINITIALIZED_AUTOS = YES_AGGRESSIVE;
				GCC_WARN_UNUSED_FUNCTION = YES;
				GCC_WARN_UNUSED_VARIABLE = YES;
				IPHONEOS_DEPLOYMENT_TARGET = 15.0;
				MTL_ENABLE_DEBUG_INFO = NO;
				MTL_FAST_MATH = YES;
				SDKROOT = iphoneos;
				SWIFT_COMPILATION_MODE = wholemodule;
				SWIFT_OPTIMIZATION_LEVEL = "-O";
				VALIDATE_PRODUCT = YES;
			};
			name = Release;
		};
		62F3963F271DC0700076E667 /* Debug */ = {
			isa = XCBuildConfiguration;
			buildSettings = {
				ASSETCATALOG_COMPILER_APPICON_NAME = AppIcon;
				ASSETCATALOG_COMPILER_GLOBAL_ACCENT_COLOR_NAME = AccentColor;
				CODE_SIGN_STYLE = Automatic;
				CURRENT_PROJECT_VERSION = 1;
				DEVELOPMENT_ASSET_PATHS = "\"Action/Preview Content\"";
				DEVELOPMENT_TEAM = MG5SW9CY8D;
				ENABLE_PREVIEWS = YES;
				GENERATE_INFOPLIST_FILE = YES;
				INFOPLIST_KEY_UIApplicationSceneManifest_Generation = YES;
				INFOPLIST_KEY_UIApplicationSupportsIndirectInputEvents = YES;
				INFOPLIST_KEY_UILaunchScreen_Generation = YES;
				INFOPLIST_KEY_UISupportedInterfaceOrientations_iPad = "UIInterfaceOrientationPortrait UIInterfaceOrientationPortraitUpsideDown UIInterfaceOrientationLandscapeLeft UIInterfaceOrientationLandscapeRight";
				INFOPLIST_KEY_UISupportedInterfaceOrientations_iPhone = "UIInterfaceOrientationPortrait UIInterfaceOrientationLandscapeLeft UIInterfaceOrientationLandscapeRight";
				IPHONEOS_DEPLOYMENT_TARGET = 15.0;
				LD_RUNPATH_SEARCH_PATHS = (
					"$(inherited)",
					"@executable_path/Frameworks",
				);
				MARKETING_VERSION = 1.0;
				PRODUCT_BUNDLE_IDENTIFIER = com.dimsumthinking.Action;
				PRODUCT_NAME = "$(TARGET_NAME)";
				SWIFT_EMIT_LOC_STRINGS = YES;
				SWIFT_VERSION = 5.0;
				TARGETED_DEVICE_FAMILY = "1,2";
			};
			name = Debug;
		};
		62F39640271DC0700076E667 /* Release */ = {
			isa = XCBuildConfiguration;
			buildSettings = {
				ASSETCATALOG_COMPILER_APPICON_NAME = AppIcon;
				ASSETCATALOG_COMPILER_GLOBAL_ACCENT_COLOR_NAME = AccentColor;
				CODE_SIGN_STYLE = Automatic;
				CURRENT_PROJECT_VERSION = 1;
				DEVELOPMENT_ASSET_PATHS = "\"Action/Preview Content\"";
				DEVELOPMENT_TEAM = MG5SW9CY8D;
				ENABLE_PREVIEWS = YES;
				GENERATE_INFOPLIST_FILE = YES;
				INFOPLIST_KEY_UIApplicationSceneManifest_Generation = YES;
				INFOPLIST_KEY_UIApplicationSupportsIndirectInputEvents = YES;
				INFOPLIST_KEY_UILaunchScreen_Generation = YES;
				INFOPLIST_KEY_UISupportedInterfaceOrientations_iPad = "UIInterfaceOrientationPortrait UIInterfaceOrientationPortraitUpsideDown UIInterfaceOrientationLandscapeLeft UIInterfaceOrientationLandscapeRight";
				INFOPLIST_KEY_UISupportedInterfaceOrientations_iPhone = "UIInterfaceOrientationPortrait UIInterfaceOrientationLandscapeLeft UIInterfaceOrientationLandscapeRight";
				IPHONEOS_DEPLOYMENT_TARGET = 15.0;
				LD_RUNPATH_SEARCH_PATHS = (
					"$(inherited)",
					"@executable_path/Frameworks",
				);
				MARKETING_VERSION = 1.0;
				PRODUCT_BUNDLE_IDENTIFIER = com.dimsumthinking.Action;
				PRODUCT_NAME = "$(TARGET_NAME)";
				SWIFT_EMIT_LOC_STRINGS = YES;
				SWIFT_VERSION = 5.0;
				TARGETED_DEVICE_FAMILY = "1,2";
			};
			name = Release;
		};
/* End XCBuildConfiguration section */

/* Begin XCConfigurationList section */
		62F3962B271DC06F0076E667 /* Build configuration list for PBXProject "Action" */ = {
			isa = XCConfigurationList;
			buildConfigurations = (
				62F3963C271DC0700076E667 /* Debug */,
				62F3963D271DC0700076E667 /* Release */,
			);
			defaultConfigurationIsVisible = 0;
			defaultConfigurationName = Release;
		};
		62F3963E271DC0700076E667 /* Build configuration list for PBXNativeTarget "Action" */ = {
			isa = XCConfigurationList;
			buildConfigurations = (
				62F3963F271DC0700076E667 /* Debug */,
				62F39640271DC0700076E667 /* Release */,
			);
			defaultConfigurationIsVisible = 0;
			defaultConfigurationName = Release;
		};
/* End XCConfigurationList section */
	};
	rootObject = 62F39628271DC06F0076E667 /* Project object */;
}
