// !$*UTF8*$!
{
	archiveVersion = 1;
	classes = {
	};
	objectVersion = 50;
	objects = {

/* Begin PBXBuildFile section */
		62262DAF232E325D007CE983 /* AppDelegate.swift in Sources */ = {isa = PBXBuildFile; fileRef = 62262DAE232E325D007CE983 /* AppDelegate.swift */; };
		62262DB1232E325D007CE983 /* SceneDelegate.swift in Sources */ = {isa = PBXBuildFile; fileRef = 62262DB0232E325D007CE983 /* SceneDelegate.swift */; };
		62262DB3232E325D007CE983 /* MainView.swift in Sources */ = {isa = PBXBuildFile; fileRef = 62262DB2232E325D007CE983 /* MainView.swift */; };
		62262DB5232E325E007CE983 /* Assets.xcassets in Resources */ = {isa = PBXBuildFile; fileRef = 62262DB4232E325E007CE983 /* Assets.xcassets */; };
		62262DB8232E325E007CE983 /* Preview Assets.xcassets in Resources */ = {isa = PBXBuildFile; fileRef = 62262DB7232E325E007CE983 /* Preview Assets.xcassets */; };
		62262DBB232E325E007CE983 /* LaunchScreen.storyboard in Resources */ = {isa = PBXBuildFile; fileRef = 62262DB9232E325E007CE983 /* LaunchScreen.storyboard */; };
		62262DCB232E3B71007CE983 /* HistoryView.swift in Sources */ = {isa = PBXBuildFile; fileRef = 62262DCA232E3B71007CE983 /* HistoryView.swift */; };
		62262DCD232E3B9D007CE983 /* MoodInputView.swift in Sources */ = {isa = PBXBuildFile; fileRef = 62262DCC232E3B9D007CE983 /* MoodInputView.swift */; };
		62262DCF232E4626007CE983 /* ValueView.swift in Sources */ = {isa = PBXBuildFile; fileRef = 62262DCE232E4626007CE983 /* ValueView.swift */; };
		62262DD1232E4632007CE983 /* ValueSlider.swift in Sources */ = {isa = PBXBuildFile; fileRef = 62262DD0232E4632007CE983 /* ValueSlider.swift */; };
		62262DD3232E4F89007CE983 /* ToOnePlace.swift in Sources */ = {isa = PBXBuildFile; fileRef = 62262DD2232E4F89007CE983 /* ToOnePlace.swift */; };
		625741A82332425000B85231 /* Emotion.swift in Sources */ = {isa = PBXBuildFile; fileRef = 625741A72332425000B85231 /* Emotion.swift */; };
		625F6E24233339E300FD24F5 /* MoodInputButton.swift in Sources */ = {isa = PBXBuildFile; fileRef = 625F6E23233339E300FD24F5 /* MoodInputButton.swift */; };
		625F6E36233380D900FD24F5 /* HistoryPersistence.swift in Sources */ = {isa = PBXBuildFile; fileRef = 625F6E35233380D900FD24F5 /* HistoryPersistence.swift */; };
		62FCE2782330DEE800825C65 /* Mood.swift in Sources */ = {isa = PBXBuildFile; fileRef = 62FCE2772330DEE800825C65 /* Mood.swift */; };
		62FCE27A2330E79D00825C65 /* History.swift in Sources */ = {isa = PBXBuildFile; fileRef = 62FCE2792330E79D00825C65 /* History.swift */; };
		62FCE27C2331416700825C65 /* ContextInputField.swift in Sources */ = {isa = PBXBuildFile; fileRef = 62FCE27B2331416700825C65 /* ContextInputField.swift */; };
/* End PBXBuildFile section */

/* Begin PBXFileReference section */
		62262DAB232E325D007CE983 /* MyMood.app */ = {isa = PBXFileReference; explicitFileType = wrapper.application; includeInIndex = 0; path = MyMood.app; sourceTree = BUILT_PRODUCTS_DIR; };
		62262DAE232E325D007CE983 /* AppDelegate.swift */ = {isa = PBXFileReference; lastKnownFileType = sourcecode.swift; path = AppDelegate.swift; sourceTree = "<group>"; };
		62262DB0232E325D007CE983 /* SceneDelegate.swift */ = {isa = PBXFileReference; lastKnownFileType = sourcecode.swift; path = SceneDelegate.swift; sourceTree = "<group>"; };
		62262DB2232E325D007CE983 /* MainView.swift */ = {isa = PBXFileReference; lastKnownFileType = sourcecode.swift; path = MainView.swift; sourceTree = "<group>"; };
		62262DB4232E325E007CE983 /* Assets.xcassets */ = {isa = PBXFileReference; lastKnownFileType = folder.assetcatalog; path = Assets.xcassets; sourceTree = "<group>"; };
		62262DB7232E325E007CE983 /* Preview Assets.xcassets */ = {isa = PBXFileReference; lastKnownFileType = folder.assetcatalog; path = "Preview Assets.xcassets"; sourceTree = "<group>"; };
		62262DBA232E325E007CE983 /* Base */ = {isa = PBXFileReference; lastKnownFileType = file.storyboard; name = Base; path = Base.lproj/LaunchScreen.storyboard; sourceTree = "<group>"; };
		62262DBC232E325E007CE983 /* Info.plist */ = {isa = PBXFileReference; lastKnownFileType = text.plist.xml; path = Info.plist; sourceTree = "<group>"; };
		62262DCA232E3B71007CE983 /* HistoryView.swift */ = {isa = PBXFileReference; lastKnownFileType = sourcecode.swift; path = HistoryView.swift; sourceTree = "<group>"; };
		62262DCC232E3B9D007CE983 /* MoodInputView.swift */ = {isa = PBXFileReference; lastKnownFileType = sourcecode.swift; path = MoodInputView.swift; sourceTree = "<group>"; };
		62262DCE232E4626007CE983 /* ValueView.swift */ = {isa = PBXFileReference; lastKnownFileType = sourcecode.swift; path = ValueView.swift; sourceTree = "<group>"; };
		62262DD0232E4632007CE983 /* ValueSlider.swift */ = {isa = PBXFileReference; lastKnownFileType = sourcecode.swift; path = ValueSlider.swift; sourceTree = "<group>"; };
		62262DD2232E4F89007CE983 /* ToOnePlace.swift */ = {isa = PBXFileReference; lastKnownFileType = sourcecode.swift; path = ToOnePlace.swift; sourceTree = "<group>"; };
		625741A72332425000B85231 /* Emotion.swift */ = {isa = PBXFileReference; lastKnownFileType = sourcecode.swift; path = Emotion.swift; sourceTree = "<group>"; };
		625F6E23233339E300FD24F5 /* MoodInputButton.swift */ = {isa = PBXFileReference; lastKnownFileType = sourcecode.swift; path = MoodInputButton.swift; sourceTree = "<group>"; };
		625F6E35233380D900FD24F5 /* HistoryPersistence.swift */ = {isa = PBXFileReference; lastKnownFileType = sourcecode.swift; path = HistoryPersistence.swift; sourceTree = "<group>"; };
		62FCE2772330DEE800825C65 /* Mood.swift */ = {isa = PBXFileReference; lastKnownFileType = sourcecode.swift; path = Mood.swift; sourceTree = "<group>"; };
		62FCE2792330E79D00825C65 /* History.swift */ = {isa = PBXFileReference; lastKnownFileType = sourcecode.swift; path = History.swift; sourceTree = "<group>"; };
		62FCE27B2331416700825C65 /* ContextInputField.swift */ = {isa = PBXFileReference; lastKnownFileType = sourcecode.swift; path = ContextInputField.swift; sourceTree = "<group>"; };
/* End PBXFileReference section */

/* Begin PBXFrameworksBuildPhase section */
		62262DA8232E325D007CE983 /* Frameworks */ = {
			isa = PBXFrameworksBuildPhase;
			buildActionMask = 2147483647;
			files = (
			);
			runOnlyForDeploymentPostprocessing = 0;
		};
/* End PBXFrameworksBuildPhase section */

/* Begin PBXGroup section */
		62262DA2232E325D007CE983 = {
			isa = PBXGroup;
			children = (
				62262DAD232E325D007CE983 /* MyMood */,
				62262DAC232E325D007CE983 /* Products */,
			);
			sourceTree = "<group>";
		};
		62262DAC232E325D007CE983 /* Products */ = {
			isa = PBXGroup;
			children = (
				62262DAB232E325D007CE983 /* MyMood.app */,
			);
			name = Products;
			sourceTree = "<group>";
		};
		62262DAD232E325D007CE983 /* MyMood */ = {
			isa = PBXGroup;
			children = (
				62262DD4232E5197007CE983 /* UI */,
				62262DC4232E327E007CE983 /* Model */,
				62262DC3232E3276007CE983 /* Utilities */,
				62262DC2232E326A007CE983 /* Support */,
				62262DB6232E325E007CE983 /* Preview Content */,
			);
			path = MyMood;
			sourceTree = "<group>";
		};
		62262DB6232E325E007CE983 /* Preview Content */ = {
			isa = PBXGroup;
			children = (
				62262DB7232E325E007CE983 /* Preview Assets.xcassets */,
			);
			path = "Preview Content";
			sourceTree = "<group>";
		};
		62262DC2232E326A007CE983 /* Support */ = {
			isa = PBXGroup;
			children = (
				62262DAE232E325D007CE983 /* AppDelegate.swift */,
				62262DB0232E325D007CE983 /* SceneDelegate.swift */,
				62262DB4232E325E007CE983 /* Assets.xcassets */,
				62262DB9232E325E007CE983 /* LaunchScreen.storyboard */,
				62262DBC232E325E007CE983 /* Info.plist */,
			);
			path = Support;
			sourceTree = "<group>";
		};
		62262DC3232E3276007CE983 /* Utilities */ = {
			isa = PBXGroup;
			children = (
				62262DD2232E4F89007CE983 /* ToOnePlace.swift */,
			);
			path = Utilities;
			sourceTree = "<group>";
		};
		62262DC4232E327E007CE983 /* Model */ = {
			isa = PBXGroup;
			children = (
				62FCE2772330DEE800825C65 /* Mood.swift */,
				62FCE2792330E79D00825C65 /* History.swift */,
				625741A72332425000B85231 /* Emotion.swift */,
				625F6E35233380D900FD24F5 /* HistoryPersistence.swift */,
			);
			path = Model;
			sourceTree = "<group>";
		};
		62262DC5232E3288007CE983 /* MoodInput */ = {
			isa = PBXGroup;
			children = (
				62262DCC232E3B9D007CE983 /* MoodInputView.swift */,
				62262DCE232E4626007CE983 /* ValueView.swift */,
				62262DD0232E4632007CE983 /* ValueSlider.swift */,
				62FCE27B2331416700825C65 /* ContextInputField.swift */,
				625F6E23233339E300FD24F5 /* MoodInputButton.swift */,
			);
			path = MoodInput;
			sourceTree = "<group>";
		};
		62262DC6232E32A8007CE983 /* MoodHistory */ = {
			isa = PBXGroup;
			children = (
				62262DCA232E3B71007CE983 /* HistoryView.swift */,
			);
			path = MoodHistory;
			sourceTree = "<group>";
		};
		62262DD4232E5197007CE983 /* UI */ = {
			isa = PBXGroup;
			children = (
				62262DB2232E325D007CE983 /* MainView.swift */,
				62262DC5232E3288007CE983 /* MoodInput */,
				62262DC6232E32A8007CE983 /* MoodHistory */,
			);
			path = UI;
			sourceTree = "<group>";
		};
/* End PBXGroup section */

/* Begin PBXNativeTarget section */
		62262DAA232E325D007CE983 /* MyMood */ = {
			isa = PBXNativeTarget;
			buildConfigurationList = 62262DBF232E325E007CE983 /* Build configuration list for PBXNativeTarget "MyMood" */;
			buildPhases = (
				62262DA7232E325D007CE983 /* Sources */,
				62262DA8232E325D007CE983 /* Frameworks */,
				62262DA9232E325D007CE983 /* Resources */,
			);
			buildRules = (
			);
			dependencies = (
			);
			name = MyMood;
			productName = MyMood;
			productReference = 62262DAB232E325D007CE983 /* MyMood.app */;
			productType = "com.apple.product-type.application";
		};
/* End PBXNativeTarget section */

/* Begin PBXProject section */
		62262DA3232E325D007CE983 /* Project object */ = {
			isa = PBXProject;
			attributes = {
				LastSwiftUpdateCheck = 1100;
				LastUpgradeCheck = 1100;
				ORGANIZATIONNAME = "Dim Sum Thinking";
				TargetAttributes = {
					62262DAA232E325D007CE983 = {
						CreatedOnToolsVersion = 11.0;
					};
				};
			};
			buildConfigurationList = 62262DA6232E325D007CE983 /* Build configuration list for PBXProject "MyMood" */;
			compatibilityVersion = "Xcode 9.3";
			developmentRegion = en;
			hasScannedForEncodings = 0;
			knownRegions = (
				en,
				Base,
			);
			mainGroup = 62262DA2232E325D007CE983;
			productRefGroup = 62262DAC232E325D007CE983 /* Products */;
			projectDirPath = "";
			projectRoot = "";
			targets = (
				62262DAA232E325D007CE983 /* MyMood */,
			);
		};
/* End PBXProject section */

/* Begin PBXResourcesBuildPhase section */
		62262DA9232E325D007CE983 /* Resources */ = {
			isa = PBXResourcesBuildPhase;
			buildActionMask = 2147483647;
			files = (
				62262DBB232E325E007CE983 /* LaunchScreen.storyboard in Resources */,
				62262DB8232E325E007CE983 /* Preview Assets.xcassets in Resources */,
				62262DB5232E325E007CE983 /* Assets.xcassets in Resources */,
			);
			runOnlyForDeploymentPostprocessing = 0;
		};
/* End PBXResourcesBuildPhase section */

/* Begin PBXSourcesBuildPhase section */
		62262DA7232E325D007CE983 /* Sources */ = {
			isa = PBXSourcesBuildPhase;
			buildActionMask = 2147483647;
			files = (
				625F6E24233339E300FD24F5 /* MoodInputButton.swift in Sources */,
				62FCE2782330DEE800825C65 /* Mood.swift in Sources */,
				62262DCF232E4626007CE983 /* ValueView.swift in Sources */,
				62262DD1232E4632007CE983 /* ValueSlider.swift in Sources */,
				62FCE27A2330E79D00825C65 /* History.swift in Sources */,
				62262DAF232E325D007CE983 /* AppDelegate.swift in Sources */,
				62262DCD232E3B9D007CE983 /* MoodInputView.swift in Sources */,
				62262DCB232E3B71007CE983 /* HistoryView.swift in Sources */,
				62FCE27C2331416700825C65 /* ContextInputField.swift in Sources */,
				62262DD3232E4F89007CE983 /* ToOnePlace.swift in Sources */,
				62262DB1232E325D007CE983 /* SceneDelegate.swift in Sources */,
				62262DB3232E325D007CE983 /* MainView.swift in Sources */,
				625F6E36233380D900FD24F5 /* HistoryPersistence.swift in Sources */,
				625741A82332425000B85231 /* Emotion.swift in Sources */,
			);
			runOnlyForDeploymentPostprocessing = 0;
		};
/* End PBXSourcesBuildPhase section */

/* Begin PBXVariantGroup section */
		62262DB9232E325E007CE983 /* LaunchScreen.storyboard */ = {
			isa = PBXVariantGroup;
			children = (
				62262DBA232E325E007CE983 /* Base */,
			);
			name = LaunchScreen.storyboard;
			sourceTree = "<group>";
		};
/* End PBXVariantGroup section */

/* Begin XCBuildConfiguration section */
		62262DBD232E325E007CE983 /* Debug */ = {
			isa = XCBuildConfiguration;
			buildSettings = {
				ALWAYS_SEARCH_USER_PATHS = NO;
				CLANG_ANALYZER_NONNULL = YES;
				CLANG_ANALYZER_NUMBER_OBJECT_CONVERSION = YES_AGGRESSIVE;
				CLANG_CXX_LANGUAGE_STANDARD = "gnu++14";
				CLANG_CXX_LIBRARY = "libc++";
				CLANG_ENABLE_MODULES = YES;
				CLANG_ENABLE_OBJC_ARC = YES;
				CLANG_ENABLE_OBJC_WEAK = YES;
				CLANG_WARN_BLOCK_CAPTURE_AUTORELEASING = YES;
				CLANG_WARN_BOOL_CONVERSION = YES;
				CLANG_WARN_COMMA = YES;
				CLANG_WARN_CONSTANT_CONVERSION = YES;
				CLANG_WARN_DEPRECATED_OBJC_IMPLEMENTATIONS = YES;
				CLANG_WARN_DIRECT_OBJC_ISA_USAGE = YES_ERROR;
				CLANG_WARN_DOCUMENTATION_COMMENTS = YES;
				CLANG_WARN_EMPTY_BODY = YES;
				CLANG_WARN_ENUM_CONVERSION = YES;
				CLANG_WARN_INFINITE_RECURSION = YES;
				CLANG_WARN_INT_CONVERSION = YES;
				CLANG_WARN_NON_LITERAL_NULL_CONVERSION = YES;
				CLANG_WARN_OBJC_IMPLICIT_RETAIN_SELF = YES;
				CLANG_WARN_OBJC_LITERAL_CONVERSION = YES;
				CLANG_WARN_OBJC_ROOT_CLASS = YES_ERROR;
				CLANG_WARN_RANGE_LOOP_ANALYSIS = YES;
				CLANG_WARN_STRICT_PROTOTYPES = YES;
				CLANG_WARN_SUSPICIOUS_MOVE = YES;
				CLANG_WARN_UNGUARDED_AVAILABILITY = YES_AGGRESSIVE;
				CLANG_WARN_UNREACHABLE_CODE = YES;
				CLANG_WARN__DUPLICATE_METHOD_MATCH = YES;
				COPY_PHASE_STRIP = NO;
				DEBUG_INFORMATION_FORMAT = dwarf;
				ENABLE_STRICT_OBJC_MSGSEND = YES;
				ENABLE_TESTABILITY = YES;
				GCC_C_LANGUAGE_STANDARD = gnu11;
				GCC_DYNAMIC_NO_PIC = NO;
				GCC_NO_COMMON_BLOCKS = YES;
				GCC_OPTIMIZATION_LEVEL = 0;
				GCC_PREPROCESSOR_DEFINITIONS = (
					"DEBUG=1",
					"$(inherited)",
				);
				GCC_WARN_64_TO_32_BIT_CONVERSION = YES;
				GCC_WARN_ABOUT_RETURN_TYPE = YES_ERROR;
				GCC_WARN_UNDECLARED_SELECTOR = YES;
				GCC_WARN_UNINITIALIZED_AUTOS = YES_AGGRESSIVE;
				GCC_WARN_UNUSED_FUNCTION = YES;
				GCC_WARN_UNUSED_VARIABLE = YES;
				IPHONEOS_DEPLOYMENT_TARGET = 13.0;
				MTL_ENABLE_DEBUG_INFO = INCLUDE_SOURCE;
				MTL_FAST_MATH = YES;
				ONLY_ACTIVE_ARCH = YES;
				SDKROOT = iphoneos;
				SWIFT_ACTIVE_COMPILATION_CONDITIONS = DEBUG;
				SWIFT_OPTIMIZATION_LEVEL = "-Onone";
			};
			name = Debug;
		};
		62262DBE232E325E007CE983 /* Release */ = {
			isa = XCBuildConfiguration;
			buildSettings = {
				ALWAYS_SEARCH_USER_PATHS = NO;
				CLANG_ANALYZER_NONNULL = YES;
				CLANG_ANALYZER_NUMBER_OBJECT_CONVERSION = YES_AGGRESSIVE;
				CLANG_CXX_LANGUAGE_STANDARD = "gnu++14";
				CLANG_CXX_LIBRARY = "libc++";
				CLANG_ENABLE_MODULES = YES;
				CLANG_ENABLE_OBJC_ARC = YES;
				CLANG_ENABLE_OBJC_WEAK = YES;
				CLANG_WARN_BLOCK_CAPTURE_AUTORELEASING = YES;
				CLANG_WARN_BOOL_CONVERSION = YES;
				CLANG_WARN_COMMA = YES;
				CLANG_WARN_CONSTANT_CONVERSION = YES;
				CLANG_WARN_DEPRECATED_OBJC_IMPLEMENTATIONS = YES;
				CLANG_WARN_DIRECT_OBJC_ISA_USAGE = YES_ERROR;
				CLANG_WARN_DOCUMENTATION_COMMENTS = YES;
				CLANG_WARN_EMPTY_BODY = YES;
				CLANG_WARN_ENUM_CONVERSION = YES;
				CLANG_WARN_INFINITE_RECURSION = YES;
				CLANG_WARN_INT_CONVERSION = YES;
				CLANG_WARN_NON_LITERAL_NULL_CONVERSION = YES;
				CLANG_WARN_OBJC_IMPLICIT_RETAIN_SELF = YES;
				CLANG_WARN_OBJC_LITERAL_CONVERSION = YES;
				CLANG_WARN_OBJC_ROOT_CLASS = YES_ERROR;
				CLANG_WARN_RANGE_LOOP_ANALYSIS = YES;
				CLANG_WARN_STRICT_PROTOTYPES = YES;
				CLANG_WARN_SUSPICIOUS_MOVE = YES;
				CLANG_WARN_UNGUARDED_AVAILABILITY = YES_AGGRESSIVE;
				CLANG_WARN_UNREACHABLE_CODE = YES;
				CLANG_WARN__DUPLICATE_METHOD_MATCH = YES;
				COPY_PHASE_STRIP = NO;
				DEBUG_INFORMATION_FORMAT = "dwarf-with-dsym";
				ENABLE_NS_ASSERTIONS = NO;
				ENABLE_STRICT_OBJC_MSGSEND = YES;
				GCC_C_LANGUAGE_STANDARD = gnu11;
				GCC_NO_COMMON_BLOCKS = YES;
				GCC_WARN_64_TO_32_BIT_CONVERSION = YES;
				GCC_WARN_ABOUT_RETURN_TYPE = YES_ERROR;
				GCC_WARN_UNDECLARED_SELECTOR = YES;
				GCC_WARN_UNINITIALIZED_AUTOS = YES_AGGRESSIVE;
				GCC_WARN_UNUSED_FUNCTION = YES;
				GCC_WARN_UNUSED_VARIABLE = YES;
				IPHONEOS_DEPLOYMENT_TARGET = 13.0;
				MTL_ENABLE_DEBUG_INFO = NO;
				MTL_FAST_MATH = YES;
				SDKROOT = iphoneos;
				SWIFT_COMPILATION_MODE = wholemodule;
				SWIFT_OPTIMIZATION_LEVEL = "-O";
				VALIDATE_PRODUCT = YES;
			};
			name = Release;
		};
		62262DC0232E325E007CE983 /* Debug */ = {
			isa = XCBuildConfiguration;
			buildSettings = {
				ASSETCATALOG_COMPILER_APPICON_NAME = AppIcon;
				CODE_SIGN_STYLE = Automatic;
				DEVELOPMENT_ASSET_PATHS = "\"MyMood/Preview Content\"";
				DEVELOPMENT_TEAM = MG5SW9CY8D;
				ENABLE_PREVIEWS = YES;
				INFOPLIST_FILE = MyMood/Support/Info.plist;
				LD_RUNPATH_SEARCH_PATHS = (
					"$(inherited)",
					"@executable_path/Frameworks",
				);
				PRODUCT_BUNDLE_IDENTIFIER = com.dimsumthinking.MyMood;
				PRODUCT_NAME = "$(TARGET_NAME)";
				SWIFT_VERSION = 5.0;
				TARGETED_DEVICE_FAMILY = "1,2";
			};
			name = Debug;
		};
		62262DC1232E325E007CE983 /* Release */ = {
			isa = XCBuildConfiguration;
			buildSettings = {
				ASSETCATALOG_COMPILER_APPICON_NAME = AppIcon;
				CODE_SIGN_STYLE = Automatic;
				DEVELOPMENT_ASSET_PATHS = "\"MyMood/Preview Content\"";
				DEVELOPMENT_TEAM = MG5SW9CY8D;
				ENABLE_PREVIEWS = YES;
				INFOPLIST_FILE = MyMood/Support/Info.plist;
				LD_RUNPATH_SEARCH_PATHS = (
					"$(inherited)",
					"@executable_path/Frameworks",
				);
				PRODUCT_BUNDLE_IDENTIFIER = com.dimsumthinking.MyMood;
				PRODUCT_NAME = "$(TARGET_NAME)";
				SWIFT_VERSION = 5.0;
				TARGETED_DEVICE_FAMILY = "1,2";
			};
			name = Release;
		};
/* End XCBuildConfiguration section */

/* Begin XCConfigurationList section */
		62262DA6232E325D007CE983 /* Build configuration list for PBXProject "MyMood" */ = {
			isa = XCConfigurationList;
			buildConfigurations = (
				62262DBD232E325E007CE983 /* Debug */,
				62262DBE232E325E007CE983 /* Release */,
			);
			defaultConfigurationIsVisible = 0;
			defaultConfigurationName = Release;
		};
		62262DBF232E325E007CE983 /* Build configuration list for PBXNativeTarget "MyMood" */ = {
			isa = XCConfigurationList;
			buildConfigurations = (
				62262DC0232E325E007CE983 /* Debug */,
				62262DC1232E325E007CE983 /* Release */,
			);
			defaultConfigurationIsVisible = 0;
			defaultConfigurationName = Release;
		};
/* End XCConfigurationList section */
	};
	rootObject = 62262DA3232E325D007CE983 /* Project object */;
}
